
Microsoft Visual Studio Solution File, Format Version 11.00
# Visual Studio 2010
Project("{8BC9CEB8-8B4A-11D0-8D11-00A0C91BC942}") = "GCore", "src\Core\src\GCore.vcxproj", "{67610730-8128-4AF3-96D1-ED24F9BC2B8A}"
EndProject
Project("{8BC9CEB8-8B4A-11D0-8D11-00A0C91BC942}") = "Carto", "src\Carto\src\Carto.vcxproj", "{DF94E9BA-F599-4C57-AE88-88BF657BF77D}"
EndProject
Project("{8BC9CEB8-8B4A-11D0-8D11-00A0C91BC942}") = "Render", "src\Render\src\Render.vcxproj", "{C6D9C707-071D-49FE-84C8-D602A90F20D8}"
EndProject
Project("{8BC9CEB8-8B4A-11D0-8D11-00A0C91BC942}") = "Data", "src\Data\GData\src\GData.vcxproj", "{06DB564E-711C-413F-9A62-0C024CC49974}"
EndProject
Global
	GlobalSection(SolutionConfigurationPlatforms) = preSolution
		Debug|Win32 = Debug|Win32
		Release|Win32 = Release|Win32
	EndGlobalSection
	GlobalSection(ProjectConfigurationPlatforms) = postSolution
		{67610730-8128-4AF3-96D1-ED24F9BC2B8A}.Debug|Win32.ActiveCfg = Debug|Win32
		{67610730-8128-4AF3-96D1-ED24F9BC2B8A}.Debug|Win32.Build.0 = Debug|Win32
		{67610730-8128-4AF3-96D1-ED24F9BC2B8A}.Release|Win32.ActiveCfg = Release|Win32
		{67610730-8128-4AF3-96D1-ED24F9BC2B8A}.Release|Win32.Build.0 = Release|Win32
		{DF94E9BA-F599-4C57-AE88-88BF657BF77D}.Debug|Win32.ActiveCfg = Debug|Win32
		{DF94E9BA-F599-4C57-AE88-88BF657BF77D}.Debug|Win32.Build.0 = Debug|Win32
		{DF94E9BA-F599-4C57-AE88-88BF657BF77D}.Release|Win32.ActiveCfg = Release|Win32
		{DF94E9BA-F599-4C57-AE88-88BF657BF77D}.Release|Win32.Build.0 = Release|Win32
		{C6D9C707-071D-49FE-84C8-D602A90F20D8}.Debug|Win32.ActiveCfg = Debug|Win32
		{C6D9C707-071D-49FE-84C8-D602A90F20D8}.Debug|Win32.Build.0 = Debug|Win32
		{C6D9C707-071D-49FE-84C8-D602A90F20D8}.Release|Win32.ActiveCfg = Release|Win32
		{C6D9C707-071D-49FE-84C8-D602A90F20D8}.Release|Win32.Build.0 = Release|Win32
		{06DB564E-711C-413F-9A62-0C024CC49974}.Debug|Win32.ActiveCfg = Debug|Win32
		{06DB564E-711C-413F-9A62-0C024CC49974}.Debug|Win32.Build.0 = Debug|Win32
		{06DB564E-711C-413F-9A62-0C024CC49974}.Release|Win32.ActiveCfg = Release|Win32
		{06DB564E-711C-413F-9A62-0C024CC49974}.Release|Win32.Build.0 = Release|Win32
	EndGlobalSection
	GlobalSection(SolutionProperties) = preSolution
		HideSolutionNode = FALSE
	EndGlobalSection
EndGlobal
