<?xml version="1.0" encoding="utf-8"?>
<Project ToolsVersion="4.0" xmlns="http://schemas.microsoft.com/developer/msbuild/2003">
  <ItemGroup>
    <Filter Include="Source Files">
      <UniqueIdentifier>{4FC737F1-C7A5-4376-A066-2A32D752A2FF}</UniqueIdentifier>
      <Extensions>cpp;c;cc;cxx;def;odl;idl;hpj;bat;asm;asmx</Extensions>
    </Filter>
    <Filter Include="Header Files">
      <UniqueIdentifier>{93995380-89BD-4b04-88EB-625FBE52EBFB}</UniqueIdentifier>
      <Extensions>h;hpp;hxx;hm;inl;inc;xsd</Extensions>
    </Filter>
    <Filter Include="Resource Files">
      <UniqueIdentifier>{67DA6AB6-F800-4c08-8B7A-83BB121AAD01}</UniqueIdentifier>
      <Extensions>rc;ico;cur;bmp;dlg;rc2;rct;bin;rgs;gif;jpg;jpeg;jpe;resx;tiff;tif;png;wav;mfcribbon-ms</Extensions>
    </Filter>
  </ItemGroup>
  <ItemGroup>
    <ClCompile Include="..\src\WFeatureEngine.cpp">
      <Filter>Source Files</Filter>
    </ClCompile>
    <ClCompile Include="..\src\CapabilitiesHandler.cpp">
      <Filter>Source Files</Filter>
    </ClCompile>
    <ClCompile Include="..\src\CapabilitiesRequest.cpp">
      <Filter>Source Files</Filter>
    </ClCompile>
    <ClCompile Include="..\src\CapabilitiesResponse.cpp">
      <Filter>Source Files</Filter>
    </ClCompile>
    <ClCompile Include="..\src\DescribeFeatureTypeRequest.cpp">
      <Filter>Source Files</Filter>
    </ClCompile>
    <ClCompile Include="..\src\DescribeFeatureTypeResponse.cpp">
      <Filter>Source Files</Filter>
    </ClCompile>
    <ClCompile Include="..\src\DescribeFeatureTypeHandler.cpp">
      <Filter>Source Files</Filter>
    </ClCompile>
    <ClCompile Include="..\src\GetFeatureRequest.cpp">
      <Filter>Source Files</Filter>
    </ClCompile>
    <ClCompile Include="..\src\GetFeatureResponse.cpp">
      <Filter>Source Files</Filter>
    </ClCompile>
    <ClCompile Include="..\src\GetFeatureHandler.cpp">
      <Filter>Source Files</Filter>
    </ClCompile>
    <ClCompile Include="..\src\GetGmlObjectHandler.cpp">
      <Filter>Source Files</Filter>
    </ClCompile>
    <ClCompile Include="..\src\GetGmlObjectRequest.cpp">
      <Filter>Source Files</Filter>
    </ClCompile>
    <ClCompile Include="..\src\GetGmlObjectResponse.cpp">
      <Filter>Source Files</Filter>
    </ClCompile>
    <ClCompile Include="..\src\TransactionHandler.cpp">
      <Filter>Source Files</Filter>
    </ClCompile>
    <ClCompile Include="..\src\TransactionRequest.cpp">
      <Filter>Source Files</Filter>
    </ClCompile>
    <ClCompile Include="..\src\TransactionResponse.cpp">
      <Filter>Source Files</Filter>
    </ClCompile>
    <ClCompile Include="..\src\GetValueRequest.cpp">
      <Filter>Source Files</Filter>
    </ClCompile>
    <ClCompile Include="..\src\GetValueHandler.cpp">
      <Filter>Source Files</Filter>
    </ClCompile>
    <ClCompile Include="..\src\GetValueResponse.cpp">
      <Filter>Source Files</Filter>
    </ClCompile>
    <ClCompile Include="..\src\WFeatureRequest.cpp">
      <Filter>Source Files</Filter>
    </ClCompile>
    <ClCompile Include="..\src\GetCountHandler.cpp">
      <Filter>Source Files</Filter>
    </ClCompile>
    <ClCompile Include="..\src\GetCountRequest.cpp">
      <Filter>Source Files</Filter>
    </ClCompile>
    <ClCompile Include="..\src\GetCountResponse.cpp">
      <Filter>Source Files</Filter>
    </ClCompile>
    <ClCompile Include="..\src\GetFeatureResponseShapezip.cpp">
      <Filter>Source Files</Filter>
    </ClCompile>
  </ItemGroup>
  <ItemGroup>
    <ClInclude Include="..\include\WFeatureEngine.h">
      <Filter>Header Files</Filter>
    </ClInclude>
    <ClInclude Include="..\include\CapabilitiesHandler.h">
      <Filter>Header Files</Filter>
    </ClInclude>
    <ClInclude Include="..\include\CapabilitiesRequest.h">
      <Filter>Header Files</Filter>
    </ClInclude>
    <ClInclude Include="..\include\CapabilitiesResponse.h">
      <Filter>Header Files</Filter>
    </ClInclude>
    <ClInclude Include="..\include\DescribeFeatureTypeRequest.h">
      <Filter>Header Files</Filter>
    </ClInclude>
    <ClInclude Include="..\include\DescribeFeatureTypeResponse.h">
      <Filter>Header Files</Filter>
    </ClInclude>
    <ClInclude Include="..\include\DescribeFeatureTypeHandler.h">
      <Filter>Header Files</Filter>
    </ClInclude>
    <ClInclude Include="..\include\GetFeatureRequest.h">
      <Filter>Header Files</Filter>
    </ClInclude>
    <ClInclude Include="..\include\GetFeatureResponse.h">
      <Filter>Header Files</Filter>
    </ClInclude>
    <ClInclude Include="..\include\GetFeatureHandler.h">
      <Filter>Header Files</Filter>
    </ClInclude>
    <ClInclude Include="..\include\GetGmlObjectHandler.h">
      <Filter>Header Files</Filter>
    </ClInclude>
    <ClInclude Include="..\include\GetGmlObjectRequest.h">
      <Filter>Header Files</Filter>
    </ClInclude>
    <ClInclude Include="..\include\GetGmlObjectResponse.h">
      <Filter>Header Files</Filter>
    </ClInclude>
    <ClInclude Include="..\include\TransactionHandler.h">
      <Filter>Header Files</Filter>
    </ClInclude>
    <ClInclude Include="..\include\TransactionRequest.h">
      <Filter>Header Files</Filter>
    </ClInclude>
    <ClInclude Include="..\include\TransactionResponse.h">
      <Filter>Header Files</Filter>
    </ClInclude>
    <ClInclude Include="..\include\GetValueHandler.h">
      <Filter>Header Files</Filter>
    </ClInclude>
    <ClInclude Include="..\include\GetValueRequest.h">
      <Filter>Header Files</Filter>
    </ClInclude>
    <ClInclude Include="..\include\GetValueResponse.h">
      <Filter>Header Files</Filter>
    </ClInclude>
    <ClInclude Include="..\include\WFeatureRequest.h">
      <Filter>Header Files</Filter>
    </ClInclude>
    <ClInclude Include="..\include\GetCountHandler.h">
      <Filter>Header Files</Filter>
    </ClInclude>
    <ClInclude Include="..\include\GetCountRequest.h">
      <Filter>Header Files</Filter>
    </ClInclude>
    <ClInclude Include="..\include\GetCountResponse.h">
      <Filter>Header Files</Filter>
    </ClInclude>
    <ClInclude Include="..\include\GetFeatureResponseShapezip.h">
      <Filter>Header Files</Filter>
    </ClInclude>
  </ItemGroup>
</Project>