<?xml version="1.0" encoding="utf-8"?>
<Project ToolsVersion="4.0" xmlns="http://schemas.microsoft.com/developer/msbuild/2003">
  <ItemGroup>
    <Filter Include="源文件">
      <UniqueIdentifier>{4FC737F1-C7A5-4376-A066-2A32D752A2FF}</UniqueIdentifier>
      <Extensions>cpp;c;cc;cxx;def;odl;idl;hpj;bat;asm;asmx</Extensions>
    </Filter>
    <Filter Include="头文件">
      <UniqueIdentifier>{93995380-89BD-4b04-88EB-625FBE52EBFB}</UniqueIdentifier>
      <Extensions>h;hh;hpp;hxx;hm;inl;inc;xsd</Extensions>
    </Filter>
    <Filter Include="资源文件">
      <UniqueIdentifier>{67DA6AB6-F800-4c08-8B7A-83BB121AAD01}</UniqueIdentifier>
      <Extensions>rc;ico;cur;bmp;dlg;rc2;rct;bin;rgs;gif;jpg;jpeg;jpe;resx;tiff;tif;png;wav;mfcribbon-ms</Extensions>
    </Filter>
  </ItemGroup>
  <ItemGroup>
    <ClCompile Include="..\src\EnumValueImpl.cpp">
      <Filter>源文件</Filter>
    </ClCompile>
    <ClCompile Include="..\src\FieldFactoryImpl.cpp">
      <Filter>源文件</Filter>
    </ClCompile>
    <ClCompile Include="..\src\GColor.cpp">
      <Filter>源文件</Filter>
    </ClCompile>
    <ClCompile Include="..\src\GEnvelope.cpp">
      <Filter>源文件</Filter>
    </ClCompile>
    <ClCompile Include="..\src\GeometryDefImpl.cpp">
      <Filter>源文件</Filter>
    </ClCompile>
    <ClCompile Include="..\src\GeometryFactoryImpl.cpp">
      <Filter>源文件</Filter>
    </ClCompile>
    <ClCompile Include="..\src\GeometryUtilImpl.cpp">
      <Filter>源文件</Filter>
    </ClCompile>
    <ClCompile Include="..\src\GErrorImpl.cpp">
      <Filter>源文件</Filter>
    </ClCompile>
    <ClCompile Include="..\src\GFieldImpl.cpp">
      <Filter>源文件</Filter>
    </ClCompile>
    <ClCompile Include="..\src\GFieldsImpl.cpp">
      <Filter>源文件</Filter>
    </ClCompile>
    <ClCompile Include="..\src\GFunction.cpp">
      <Filter>源文件</Filter>
    </ClCompile>
    <ClCompile Include="..\src\GLineStringWKB.cpp">
      <Filter>源文件</Filter>
    </ClCompile>
    <ClCompile Include="..\src\GLoggerImpl.cpp">
      <Filter>源文件</Filter>
    </ClCompile>
    <ClCompile Include="..\src\GMLWriterImpl.cpp">
      <Filter>源文件</Filter>
    </ClCompile>
    <ClCompile Include="..\src\GMultiLineStringWKB.cpp">
      <Filter>源文件</Filter>
    </ClCompile>
    <ClCompile Include="..\src\GMultiPointWKB.cpp">
      <Filter>源文件</Filter>
    </ClCompile>
    <ClCompile Include="..\src\GMultiPolygonWKB.cpp">
      <Filter>源文件</Filter>
    </ClCompile>
    <ClCompile Include="..\src\GPointWKB.cpp">
      <Filter>源文件</Filter>
    </ClCompile>
    <ClCompile Include="..\src\GPolygonWKB.cpp">
      <Filter>源文件</Filter>
    </ClCompile>
    <ClCompile Include="..\src\GPropertySet.cpp">
      <Filter>源文件</Filter>
    </ClCompile>
    <ClCompile Include="..\src\GValue.cpp">
      <Filter>源文件</Filter>
    </ClCompile>
    <ClCompile Include="..\src\StringTokenizer.cpp">
      <Filter>源文件</Filter>
    </ClCompile>
    <ClCompile Include="..\src\WKTReader.cpp">
      <Filter>源文件</Filter>
    </ClCompile>
    <ClCompile Include="..\src\WKTWriter.cpp">
      <Filter>源文件</Filter>
    </ClCompile>
    <ClCompile Include="..\src\XAttribute.cpp">
      <Filter>源文件</Filter>
    </ClCompile>
    <ClCompile Include="..\src\XCdataNode.cpp">
      <Filter>源文件</Filter>
    </ClCompile>
    <ClCompile Include="..\src\XCommentNode.cpp">
      <Filter>源文件</Filter>
    </ClCompile>
    <ClCompile Include="..\src\XContentNode.cpp">
      <Filter>源文件</Filter>
    </ClCompile>
    <ClCompile Include="..\src\XDocument.cpp">
      <Filter>源文件</Filter>
    </ClCompile>
    <ClCompile Include="..\src\XDtd.cpp">
      <Filter>源文件</Filter>
    </ClCompile>
    <ClCompile Include="..\src\XElement.cpp">
      <Filter>源文件</Filter>
    </ClCompile>
    <ClCompile Include="..\src\XEntityReference.cpp">
      <Filter>源文件</Filter>
    </ClCompile>
    <ClCompile Include="..\src\XNode.cpp">
      <Filter>源文件</Filter>
    </ClCompile>
    <ClCompile Include="..\src\XNodeSet.cpp">
      <Filter>源文件</Filter>
    </ClCompile>
    <ClCompile Include="..\src\XParser.cpp">
      <Filter>源文件</Filter>
    </ClCompile>
    <ClCompile Include="..\src\XProcessingInstructionNode.cpp">
      <Filter>源文件</Filter>
    </ClCompile>
    <ClCompile Include="..\src\XTestNode.cpp">
      <Filter>源文件</Filter>
    </ClCompile>
    <ClCompile Include="..\src\GMLReaderImpl.cpp">
      <Filter>源文件</Filter>
    </ClCompile>
  </ItemGroup>
  <ItemGroup>
    <ClInclude Include="..\include\EnumValueImpl.h">
      <Filter>头文件</Filter>
    </ClInclude>
    <ClInclude Include="..\include\FieldFactoryImpl.h">
      <Filter>头文件</Filter>
    </ClInclude>
    <ClInclude Include="..\include\GeometryDefImpl.h">
      <Filter>头文件</Filter>
    </ClInclude>
    <ClInclude Include="..\include\GeometryFactoryImpl.h">
      <Filter>头文件</Filter>
    </ClInclude>
    <ClInclude Include="..\include\GeometryUtilImpl.h">
      <Filter>头文件</Filter>
    </ClInclude>
    <ClInclude Include="..\include\GErrorImpl.h">
      <Filter>头文件</Filter>
    </ClInclude>
    <ClInclude Include="..\include\GFieldImpl.h">
      <Filter>头文件</Filter>
    </ClInclude>
    <ClInclude Include="..\include\GFieldsImpl.h">
      <Filter>头文件</Filter>
    </ClInclude>
    <ClInclude Include="..\include\GLineStringWKB.h">
      <Filter>头文件</Filter>
    </ClInclude>
    <ClInclude Include="..\include\GLoggerImpl.h">
      <Filter>头文件</Filter>
    </ClInclude>
    <ClInclude Include="..\include\GMLWriterImpl.h">
      <Filter>头文件</Filter>
    </ClInclude>
    <ClInclude Include="..\include\GMultiLineStringWKB.h">
      <Filter>头文件</Filter>
    </ClInclude>
    <ClInclude Include="..\include\GMultiPointWKB.h">
      <Filter>头文件</Filter>
    </ClInclude>
    <ClInclude Include="..\include\GMultiPolygonWKB.h">
      <Filter>头文件</Filter>
    </ClInclude>
    <ClInclude Include="..\include\GPointWKB.h">
      <Filter>头文件</Filter>
    </ClInclude>
    <ClInclude Include="..\include\GPolygonWKB.h">
      <Filter>头文件</Filter>
    </ClInclude>
    <ClInclude Include="..\include\StringTokenizer.h">
      <Filter>头文件</Filter>
    </ClInclude>
    <ClInclude Include="..\include\WKTReader.h">
      <Filter>头文件</Filter>
    </ClInclude>
    <ClInclude Include="..\include\WKTWriter.h">
      <Filter>头文件</Filter>
    </ClInclude>
    <ClInclude Include="..\include\GMLReaderImpl.h">
      <Filter>头文件</Filter>
    </ClInclude>
  </ItemGroup>
</Project>