<?xml version="1.0" encoding="utf-8"?>
<Project ToolsVersion="4.0" xmlns="http://schemas.microsoft.com/developer/msbuild/2003">
  <ItemGroup>
    <Filter Include="Source Files">
      <UniqueIdentifier>{4FC737F1-C7A5-4376-A066-2A32D752A2FF}</UniqueIdentifier>
      <Extensions>cpp;c;cc;cxx;def;odl;idl;hpj;bat;asm;asmx</Extensions>
    </Filter>
    <Filter Include="Header Files">
      <UniqueIdentifier>{93995380-89BD-4b04-88EB-625FBE52EBFB}</UniqueIdentifier>
      <Extensions>h;hpp;hxx;hm;inl;inc;xsd</Extensions>
    </Filter>
    <Filter Include="Resource Files">
      <UniqueIdentifier>{67DA6AB6-F800-4c08-8B7A-83BB121AAD01}</UniqueIdentifier>
      <Extensions>rc;ico;cur;bmp;dlg;rc2;rct;bin;rgs;gif;jpg;jpeg;jpe;resx;tiff;tif;png;wav;mfcribbon-ms</Extensions>
    </Filter>
  </ItemGroup>
  <ItemGroup>
    <ClCompile Include="..\src\GProcessEngine.cpp">
      <Filter>Source Files</Filter>
    </ClCompile>
    <ClCompile Include="..\src\CapabilitiesHandler.cpp">
      <Filter>Source Files</Filter>
    </ClCompile>
    <ClCompile Include="..\src\CapabilitiesRequest.cpp">
      <Filter>Source Files</Filter>
    </ClCompile>
    <ClCompile Include="..\src\CapabilitiesResponse.cpp">
      <Filter>Source Files</Filter>
    </ClCompile>
    <ClCompile Include="..\src\threadpool.c">
      <Filter>Source Files</Filter>
    </ClCompile>
    <ClCompile Include="..\src\CentroidHandler.cpp">
      <Filter>Source Files</Filter>
    </ClCompile>
    <ClCompile Include="..\src\CentroidRequest.cpp">
      <Filter>Source Files</Filter>
    </ClCompile>
    <ClCompile Include="..\src\CentroidResponse.cpp">
      <Filter>Source Files</Filter>
    </ClCompile>
    <ClCompile Include="..\src\ThreadManager.cpp">
      <Filter>Source Files</Filter>
    </ClCompile>
    <ClCompile Include="..\src\TileUpdateHandler.cpp">
      <Filter>Source Files</Filter>
    </ClCompile>
    <ClCompile Include="..\src\TileUpdateRequest.cpp">
      <Filter>Source Files</Filter>
    </ClCompile>
    <ClCompile Include="..\src\BuildPyramidHandler.cpp">
      <Filter>Source Files</Filter>
    </ClCompile>
    <ClCompile Include="..\src\BuildPyramidRequest.cpp">
      <Filter>Source Files</Filter>
    </ClCompile>
    <ClCompile Include="..\src\FeatureImportHandler.cpp">
      <Filter>Source Files</Filter>
    </ClCompile>
    <ClCompile Include="..\src\FeatureImportRequest.cpp">
      <Filter>Source Files</Filter>
    </ClCompile>
    <ClCompile Include="..\src\BufferRequest.cpp">
      <Filter>Source Files</Filter>
    </ClCompile>
    <ClCompile Include="..\src\BufferResponse.cpp">
      <Filter>Source Files</Filter>
    </ClCompile>
    <ClCompile Include="..\src\BufferHandler.cpp">
      <Filter>Source Files</Filter>
    </ClCompile>
    <ClCompile Include="..\src\FeatureProjectHandler.cpp">
      <Filter>Source Files</Filter>
    </ClCompile>
    <ClCompile Include="..\src\FeatureProjectRequest.cpp">
      <Filter>Source Files</Filter>
    </ClCompile>
    <ClCompile Include="..\src\RasterExtractByRectangleHandler.cpp">
      <Filter>Source Files</Filter>
    </ClCompile>
    <ClCompile Include="..\src\RasterExtractByRectangleRequest.cpp">
      <Filter>Source Files</Filter>
    </ClCompile>
    <ClCompile Include="..\src\ClusterKmeanHandler.cpp">
      <Filter>Source Files</Filter>
    </ClCompile>
    <ClCompile Include="..\src\ClusterKmeanRequest.cpp">
      <Filter>Source Files</Filter>
    </ClCompile>
    <ClCompile Include="..\src\RasterReverseHandler.cpp">
      <Filter>Source Files</Filter>
    </ClCompile>
    <ClCompile Include="..\src\RasterReverseRequest.cpp">
      <Filter>Source Files</Filter>
    </ClCompile>
    <ClCompile Include="..\src\RasterGraylizeHandler.cpp">
      <Filter>Source Files</Filter>
    </ClCompile>
    <ClCompile Include="..\src\RasterGraylizeRequest.cpp">
      <Filter>Source Files</Filter>
    </ClCompile>
    <ClCompile Include="..\src\RasterSmoothHandler.cpp">
      <Filter>Source Files</Filter>
    </ClCompile>
    <ClCompile Include="..\src\RasterSmoothRequest.cpp">
      <Filter>Source Files</Filter>
    </ClCompile>
    <ClCompile Include="..\src\RasterStretchHandler.cpp">
      <Filter>Source Files</Filter>
    </ClCompile>
    <ClCompile Include="..\src\RasterStretchRequest.cpp">
      <Filter>Source Files</Filter>
    </ClCompile>
    <ClCompile Include="..\src\RasterSubtractHandler.cpp">
      <Filter>Source Files</Filter>
    </ClCompile>
    <ClCompile Include="..\src\RasterSubtractRequest.cpp">
      <Filter>Source Files</Filter>
    </ClCompile>
    <ClCompile Include="..\src\DemAspectHandler.cpp">
      <Filter>Source Files</Filter>
    </ClCompile>
    <ClCompile Include="..\src\DemAspectRequest.cpp">
      <Filter>Source Files</Filter>
    </ClCompile>
    <ClCompile Include="..\src\DemSlopeHandler.cpp">
      <Filter>Source Files</Filter>
    </ClCompile>
    <ClCompile Include="..\src\DemSlopeRequest.cpp">
      <Filter>Source Files</Filter>
    </ClCompile>
    <ClCompile Include="..\src\ConvexHullHandler.cpp">
      <Filter>Source Files</Filter>
    </ClCompile>
    <ClCompile Include="..\src\ConvexHullRequest.cpp">
      <Filter>Source Files</Filter>
    </ClCompile>
    <ClCompile Include="..\src\ConvexHullResponse.cpp">
      <Filter>Source Files</Filter>
    </ClCompile>
    <ClCompile Include="..\src\GetAreaHandler.cpp">
      <Filter>Source Files</Filter>
    </ClCompile>
    <ClCompile Include="..\src\GetAreaRequest.cpp">
      <Filter>Source Files</Filter>
    </ClCompile>
    <ClCompile Include="..\src\GetAreaResponse.cpp">
      <Filter>Source Files</Filter>
    </ClCompile>
    <ClCompile Include="..\src\GetLengthHandler.cpp">
      <Filter>Source Files</Filter>
    </ClCompile>
    <ClCompile Include="..\src\GetLengthRequest.cpp">
      <Filter>Source Files</Filter>
    </ClCompile>
    <ClCompile Include="..\src\GetLengthResponse.cpp">
      <Filter>Source Files</Filter>
    </ClCompile>
    <ClCompile Include="..\src\GetSpatialReferenceRequest.cpp">
      <Filter>Source Files</Filter>
    </ClCompile>
    <ClCompile Include="..\src\GetSpatialReferenceHandler.cpp">
      <Filter>Source Files</Filter>
    </ClCompile>
    <ClCompile Include="..\src\sqlite3.c">
      <Filter>Source Files</Filter>
    </ClCompile>
    <ClCompile Include="..\src\GetSpatialReferenceResponse.cpp">
      <Filter>Source Files</Filter>
    </ClCompile>
    <ClCompile Include="..\src\GetSpatialReferenceCountHandler.cpp">
      <Filter>Source Files</Filter>
    </ClCompile>
    <ClCompile Include="..\src\GetSpatialReferenceCountRequest.cpp">
      <Filter>Source Files</Filter>
    </ClCompile>
    <ClCompile Include="..\src\GetSpatialReferenceCountResponse.cpp">
      <Filter>Source Files</Filter>
    </ClCompile>
    <ClCompile Include="..\src\RasterEdgeDetectHandler.cpp">
      <Filter>Source Files</Filter>
    </ClCompile>
    <ClCompile Include="..\src\RasterEdgeDetectRequest.cpp">
      <Filter>Source Files</Filter>
    </ClCompile>
    <ClCompile Include="..\src\RasterSepiaToneHandler.cpp">
      <Filter>Source Files</Filter>
    </ClCompile>
    <ClCompile Include="..\src\RasterSepiaToneRequest.cpp">
      <Filter>Source Files</Filter>
    </ClCompile>
    <ClCompile Include="..\src\RasterPixelBlendHandler.cpp">
      <Filter>Source Files</Filter>
    </ClCompile>
    <ClCompile Include="..\src\RasterPixelBlendRequest.cpp">
      <Filter>Source Files</Filter>
    </ClCompile>
    <ClCompile Include="..\src\RasterHistogramEqualizationHandler.cpp">
      <Filter>Source Files</Filter>
    </ClCompile>
    <ClCompile Include="..\src\RasterHistogramEqualizationRequest.cpp">
      <Filter>Source Files</Filter>
    </ClCompile>
    <ClCompile Include="..\src\RasterThresholdHandler.cpp">
      <Filter>Source Files</Filter>
    </ClCompile>
    <ClCompile Include="..\src\RasterThresholdRequest.cpp">
      <Filter>Source Files</Filter>
    </ClCompile>
    <ClCompile Include="..\src\MultiPointToPointsHandler.cpp">
      <Filter>Source Files</Filter>
    </ClCompile>
    <ClCompile Include="..\src\MultiPointToPointsRequest.cpp">
      <Filter>Source Files</Filter>
    </ClCompile>
    <ClCompile Include="..\src\LineToPointsHandler.cpp">
      <Filter>Source Files</Filter>
    </ClCompile>
    <ClCompile Include="..\src\LineToPointsRequest.cpp">
      <Filter>Source Files</Filter>
    </ClCompile>
    <ClCompile Include="..\src\PolygonToPointsHandler.cpp">
      <Filter>Source Files</Filter>
    </ClCompile>
    <ClCompile Include="..\src\PolygonToPointsRequest.cpp">
      <Filter>Source Files</Filter>
    </ClCompile>
    <ClCompile Include="..\src\PolygonToLineHandler.cpp">
      <Filter>Source Files</Filter>
    </ClCompile>
    <ClCompile Include="..\src\PolygonToLineRequest.cpp">
      <Filter>Source Files</Filter>
    </ClCompile>
    <ClCompile Include="..\src\GenerateRandomPointsHandler.cpp">
      <Filter>Source Files</Filter>
    </ClCompile>
    <ClCompile Include="..\src\GenerateRandomPointsRequest.cpp">
      <Filter>Source Files</Filter>
    </ClCompile>
    <ClCompile Include="..\src\GenerateRandomPointsInPolygonHandler.cpp">
      <Filter>Source Files</Filter>
    </ClCompile>
    <ClCompile Include="..\src\GenerateRandomPointsInPolygonRequest.cpp">
      <Filter>Source Files</Filter>
    </ClCompile>
    <ClCompile Include="..\src\DemStretchHandler.cpp">
      <Filter>Source Files</Filter>
    </ClCompile>
    <ClCompile Include="..\src\DemStretchRequest.cpp">
      <Filter>Source Files</Filter>
    </ClCompile>
    <ClCompile Include="..\src\DemHillshadeHandler.cpp">
      <Filter>Source Files</Filter>
    </ClCompile>
    <ClCompile Include="..\src\DemHillshadeRequest.cpp">
      <Filter>Source Files</Filter>
    </ClCompile>
    <ClCompile Include="..\src\GProcessHandler.cpp">
      <Filter>Source Files</Filter>
    </ClCompile>
    <ClCompile Include="..\src\GetJobHandler.cpp">
      <Filter>Source Files</Filter>
    </ClCompile>
    <ClCompile Include="..\src\GetJobRequest.cpp">
      <Filter>Source Files</Filter>
    </ClCompile>
    <ClCompile Include="..\src\GetJobResponse.cpp">
      <Filter>Source Files</Filter>
    </ClCompile>
    <ClCompile Include="..\src\DelaunayHandler.cpp">
      <Filter>Source Files</Filter>
    </ClCompile>
    <ClCompile Include="..\src\DelaunayRequest.cpp">
      <Filter>Source Files</Filter>
    </ClCompile>
    <ClCompile Include="..\src\CsvImportHandler.cpp">
      <Filter>Source Files</Filter>
    </ClCompile>
    <ClCompile Include="..\src\CsvImportRequest.cpp">
      <Filter>Source Files</Filter>
    </ClCompile>
    <ClCompile Include="..\src\RasterExtractByPolygonHandler.cpp">
      <Filter>Source Files</Filter>
    </ClCompile>
    <ClCompile Include="..\src\RasterExtractByPolygonRequest.cpp">
      <Filter>Source Files</Filter>
    </ClCompile>
    <ClCompile Include="..\src\RasterMosiacHandler.cpp">
      <Filter>Source Files</Filter>
    </ClCompile>
    <ClCompile Include="..\src\RasterMosiacRequest.cpp">
      <Filter>Source Files</Filter>
    </ClCompile>
    <ClCompile Include="..\src\RasterMaskHandler.cpp">
      <Filter>Source Files</Filter>
    </ClCompile>
    <ClCompile Include="..\src\RasterMaskRequest.cpp">
      <Filter>Source Files</Filter>
    </ClCompile>
    <ClCompile Include="..\src\RasterResampleHandler.cpp">
      <Filter>Source Files</Filter>
    </ClCompile>
    <ClCompile Include="..\src\RasterResampleRequest.cpp">
      <Filter>Source Files</Filter>
    </ClCompile>
  </ItemGroup>
  <ItemGroup>
    <ClInclude Include="..\include\GProcessEngine.h">
      <Filter>Header Files</Filter>
    </ClInclude>
    <ClInclude Include="..\include\CapabilitiesHandler.h">
      <Filter>Header Files</Filter>
    </ClInclude>
    <ClInclude Include="..\include\CapabilitiesRequest.h">
      <Filter>Header Files</Filter>
    </ClInclude>
    <ClInclude Include="..\include\CapabilitiesResponse.h">
      <Filter>Header Files</Filter>
    </ClInclude>
    <ClInclude Include="..\include\spthread.h">
      <Filter>Header Files</Filter>
    </ClInclude>
    <ClInclude Include="..\include\threadpool.h">
      <Filter>Header Files</Filter>
    </ClInclude>
    <ClInclude Include="..\include\CentroidHandler.h">
      <Filter>Header Files</Filter>
    </ClInclude>
    <ClInclude Include="..\include\CentroidRequest.h">
      <Filter>Header Files</Filter>
    </ClInclude>
    <ClInclude Include="..\include\CentroidResponse.h">
      <Filter>Header Files</Filter>
    </ClInclude>
    <ClInclude Include="..\include\ThreadManager.h">
      <Filter>Header Files</Filter>
    </ClInclude>
    <ClInclude Include="..\include\TileUpdateHandler.h">
      <Filter>Header Files</Filter>
    </ClInclude>
    <ClInclude Include="..\include\TileUpdateRequest.h">
      <Filter>Header Files</Filter>
    </ClInclude>
    <ClInclude Include="..\include\BuildPyramidHandler.h">
      <Filter>Header Files</Filter>
    </ClInclude>
    <ClInclude Include="..\include\BuildPyramidRequest.h">
      <Filter>Header Files</Filter>
    </ClInclude>
    <ClInclude Include="..\include\FeatureImportHandler.h">
      <Filter>Header Files</Filter>
    </ClInclude>
    <ClInclude Include="..\include\FeatureImportRequest.h">
      <Filter>Header Files</Filter>
    </ClInclude>
    <ClInclude Include="..\include\BufferHandler.h">
      <Filter>Header Files</Filter>
    </ClInclude>
    <ClInclude Include="..\include\BufferRequest.h">
      <Filter>Header Files</Filter>
    </ClInclude>
    <ClInclude Include="..\include\BufferResponse.h">
      <Filter>Header Files</Filter>
    </ClInclude>
    <ClInclude Include="..\include\FeatureProjectRequest.h">
      <Filter>Header Files</Filter>
    </ClInclude>
    <ClInclude Include="..\include\FeatureProjectHandler.h">
      <Filter>Header Files</Filter>
    </ClInclude>
    <ClInclude Include="..\include\RasterExtractByRectangleHandler.h">
      <Filter>Header Files</Filter>
    </ClInclude>
    <ClInclude Include="..\include\RasterExtractByRectangleRequest.h">
      <Filter>Header Files</Filter>
    </ClInclude>
    <ClInclude Include="..\include\ClusterKmeanHandler.h">
      <Filter>Header Files</Filter>
    </ClInclude>
    <ClInclude Include="..\include\ClusterKmeanRequest.h">
      <Filter>Header Files</Filter>
    </ClInclude>
    <ClInclude Include="..\include\RasterReverseHandler.h">
      <Filter>Header Files</Filter>
    </ClInclude>
    <ClInclude Include="..\include\RasterReverseRequest.h">
      <Filter>Header Files</Filter>
    </ClInclude>
    <ClInclude Include="..\include\RasterGraylizeHandler.h">
      <Filter>Header Files</Filter>
    </ClInclude>
    <ClInclude Include="..\include\RasterGraylizeRequest.h">
      <Filter>Header Files</Filter>
    </ClInclude>
    <ClInclude Include="..\include\RasterSmoothHandler.h">
      <Filter>Header Files</Filter>
    </ClInclude>
    <ClInclude Include="..\include\RasterSmoothRequest.h">
      <Filter>Header Files</Filter>
    </ClInclude>
    <ClInclude Include="..\include\RasterStretchHandler.h">
      <Filter>Header Files</Filter>
    </ClInclude>
    <ClInclude Include="..\include\RasterStretchRequest.h">
      <Filter>Header Files</Filter>
    </ClInclude>
    <ClInclude Include="..\include\RasterSubtractHandler.h">
      <Filter>Header Files</Filter>
    </ClInclude>
    <ClInclude Include="..\include\RasterSubtractRequest.h">
      <Filter>Header Files</Filter>
    </ClInclude>
    <ClInclude Include="..\include\DemAspectHandler.h">
      <Filter>Header Files</Filter>
    </ClInclude>
    <ClInclude Include="..\include\DemAspectRequest.h">
      <Filter>Header Files</Filter>
    </ClInclude>
    <ClInclude Include="..\include\DemSlopeHandler.h">
      <Filter>Header Files</Filter>
    </ClInclude>
    <ClInclude Include="..\include\DemSlopeRequest.h">
      <Filter>Header Files</Filter>
    </ClInclude>
    <ClInclude Include="..\include\ConvexHullHandler.h">
      <Filter>Header Files</Filter>
    </ClInclude>
    <ClInclude Include="..\include\ConvexHullRequest.h">
      <Filter>Header Files</Filter>
    </ClInclude>
    <ClInclude Include="..\include\ConvexHullResponse.h">
      <Filter>Header Files</Filter>
    </ClInclude>
    <ClInclude Include="..\include\GetAreaHandler.h">
      <Filter>Header Files</Filter>
    </ClInclude>
    <ClInclude Include="..\include\GetAreaRequest.h">
      <Filter>Header Files</Filter>
    </ClInclude>
    <ClInclude Include="..\include\GetAreaResponse.h">
      <Filter>Header Files</Filter>
    </ClInclude>
    <ClInclude Include="..\include\GetLengthHandler.h">
      <Filter>Header Files</Filter>
    </ClInclude>
    <ClInclude Include="..\include\GetLengthRequest.h">
      <Filter>Header Files</Filter>
    </ClInclude>
    <ClInclude Include="..\include\GetLengthResponse.h">
      <Filter>Header Files</Filter>
    </ClInclude>
    <ClInclude Include="..\include\GetSpatialReferenceRequest.h">
      <Filter>Header Files</Filter>
    </ClInclude>
    <ClInclude Include="..\include\GetSpatialReferenceHandler.h">
      <Filter>Header Files</Filter>
    </ClInclude>
    <ClInclude Include="..\include\GetSpatialReferenceResponse.h">
      <Filter>Header Files</Filter>
    </ClInclude>
    <ClInclude Include="..\include\GetSpatialReferenceCountHandler.h">
      <Filter>Header Files</Filter>
    </ClInclude>
    <ClInclude Include="..\include\GetSpatialReferenceCountRequest.h">
      <Filter>Header Files</Filter>
    </ClInclude>
    <ClInclude Include="..\include\GetSpatialReferenceCountResponse.h">
      <Filter>Header Files</Filter>
    </ClInclude>
    <ClInclude Include="..\include\RasterEdgeDetectHandler.h">
      <Filter>Header Files</Filter>
    </ClInclude>
    <ClInclude Include="..\include\RasterEdgeDetectRequest.h">
      <Filter>Header Files</Filter>
    </ClInclude>
    <ClInclude Include="..\include\RasterSepiaToneHandler.h">
      <Filter>Header Files</Filter>
    </ClInclude>
    <ClInclude Include="..\include\RasterSepiaToneRequest.h">
      <Filter>Header Files</Filter>
    </ClInclude>
    <ClInclude Include="..\include\RasterPixelBlendHandler.h">
      <Filter>Header Files</Filter>
    </ClInclude>
    <ClInclude Include="..\include\RasterPixelBlendRequest.h">
      <Filter>Header Files</Filter>
    </ClInclude>
    <ClInclude Include="..\include\RasterHistogramEqualizationHandler.h">
      <Filter>Header Files</Filter>
    </ClInclude>
    <ClInclude Include="..\include\RasterHistogramEqualizationRequest.h">
      <Filter>Header Files</Filter>
    </ClInclude>
    <ClInclude Include="..\include\RasterThresholdHandler.h">
      <Filter>Header Files</Filter>
    </ClInclude>
    <ClInclude Include="..\include\RasterThresholdRequest.h">
      <Filter>Header Files</Filter>
    </ClInclude>
    <ClInclude Include="..\include\MultiPointToPointsHandler.h">
      <Filter>Header Files</Filter>
    </ClInclude>
    <ClInclude Include="..\include\MultiPointToPointsRequest.h">
      <Filter>Header Files</Filter>
    </ClInclude>
    <ClInclude Include="..\include\LineToPointsHandler.h">
      <Filter>Header Files</Filter>
    </ClInclude>
    <ClInclude Include="..\include\LineToPointsRequest.h">
      <Filter>Header Files</Filter>
    </ClInclude>
    <ClInclude Include="..\include\PolygonToPointsHandler.h">
      <Filter>Header Files</Filter>
    </ClInclude>
    <ClInclude Include="..\include\PolygonToPointsRequest.h">
      <Filter>Header Files</Filter>
    </ClInclude>
    <ClInclude Include="..\include\PolygonToLineHandler.h">
      <Filter>Header Files</Filter>
    </ClInclude>
    <ClInclude Include="..\include\PolygonToLineRequest.h">
      <Filter>Header Files</Filter>
    </ClInclude>
    <ClInclude Include="..\include\GenerateRandomPointsHandler.h">
      <Filter>Header Files</Filter>
    </ClInclude>
    <ClInclude Include="..\include\GenerateRandomPointsRequest.h">
      <Filter>Header Files</Filter>
    </ClInclude>
    <ClInclude Include="..\include\GenerateRandomPointsInPolygonHandler.h">
      <Filter>Header Files</Filter>
    </ClInclude>
    <ClInclude Include="..\include\GenerateRandomPointsInPolygonRequest.h">
      <Filter>Header Files</Filter>
    </ClInclude>
    <ClInclude Include="..\include\DemStretchHandler.h">
      <Filter>Header Files</Filter>
    </ClInclude>
    <ClInclude Include="..\include\DemStretchRequest.h">
      <Filter>Header Files</Filter>
    </ClInclude>
    <ClInclude Include="..\include\DemHillshadeHandler.h">
      <Filter>Header Files</Filter>
    </ClInclude>
    <ClInclude Include="..\include\DemHillshadeRequest.h">
      <Filter>Header Files</Filter>
    </ClInclude>
    <ClInclude Include="..\include\GProcessHandler.h">
      <Filter>Header Files</Filter>
    </ClInclude>
    <ClInclude Include="..\include\GetJobHandler.h">
      <Filter>Header Files</Filter>
    </ClInclude>
    <ClInclude Include="..\include\GetJobRequest.h">
      <Filter>Header Files</Filter>
    </ClInclude>
    <ClInclude Include="..\include\GetJobResponse.h">
      <Filter>Header Files</Filter>
    </ClInclude>
    <ClInclude Include="..\include\DelaunayHandler.h">
      <Filter>Header Files</Filter>
    </ClInclude>
    <ClInclude Include="..\include\DelaunayRequest.h">
      <Filter>Header Files</Filter>
    </ClInclude>
    <ClInclude Include="..\include\CsvImportHandler.h">
      <Filter>Header Files</Filter>
    </ClInclude>
    <ClInclude Include="..\include\CsvImportRequest.h">
      <Filter>Header Files</Filter>
    </ClInclude>
    <ClInclude Include="..\include\RasterExtractByPolygonHandler.h">
      <Filter>Header Files</Filter>
    </ClInclude>
    <ClInclude Include="..\include\RasterExtractByPolygonRequest.h">
      <Filter>Header Files</Filter>
    </ClInclude>
    <ClInclude Include="..\include\RasterMosiacHandler.h">
      <Filter>Header Files</Filter>
    </ClInclude>
    <ClInclude Include="..\include\RasterMosiacRequest.h">
      <Filter>Header Files</Filter>
    </ClInclude>
    <ClInclude Include="..\include\RasterMaskHandler.h">
      <Filter>Header Files</Filter>
    </ClInclude>
    <ClInclude Include="..\include\RasterMaskRequest.h">
      <Filter>Header Files</Filter>
    </ClInclude>
    <ClInclude Include="..\include\RasterResampleHandler.h">
      <Filter>Header Files</Filter>
    </ClInclude>
    <ClInclude Include="..\include\RasterResampleRequest.h">
      <Filter>Header Files</Filter>
    </ClInclude>
  </ItemGroup>
</Project>