<?xml version="1.0" encoding="utf-8"?>
<Project ToolsVersion="4.0" xmlns="http://schemas.microsoft.com/developer/msbuild/2003">
  <ItemGroup>
    <Filter Include="Source Files">
      <UniqueIdentifier>{4FC737F1-C7A5-4376-A066-2A32D752A2FF}</UniqueIdentifier>
      <Extensions>cpp;c;cc;cxx;def;odl;idl;hpj;bat;asm;asmx</Extensions>
    </Filter>
    <Filter Include="Header Files">
      <UniqueIdentifier>{93995380-89BD-4b04-88EB-625FBE52EBFB}</UniqueIdentifier>
      <Extensions>h;hpp;hxx;hm;inl;inc;xsd</Extensions>
    </Filter>
    <Filter Include="Resource Files">
      <UniqueIdentifier>{67DA6AB6-F800-4c08-8B7A-83BB121AAD01}</UniqueIdentifier>
      <Extensions>rc;ico;cur;bmp;dlg;rc2;rct;bin;rgs;gif;jpg;jpeg;jpe;resx;tiff;tif;png;wav;mfcribbon-ms</Extensions>
    </Filter>
  </ItemGroup>
  <ItemGroup>
    <ClCompile Include="..\src\WEngine.cpp">
      <Filter>Source Files</Filter>
    </ClCompile>
    <ClCompile Include="..\src\CapabilitiesHandler.cpp">
      <Filter>Source Files</Filter>
    </ClCompile>
    <ClCompile Include="..\src\CapabilitiesRequest.cpp">
      <Filter>Source Files</Filter>
    </ClCompile>
    <ClCompile Include="..\src\CapabilitiesResponse.cpp">
      <Filter>Source Files</Filter>
    </ClCompile>
    <ClCompile Include="..\src\CreateMapHandler.cpp">
      <Filter>Source Files</Filter>
    </ClCompile>
    <ClCompile Include="..\src\CreateMapRequest.cpp">
      <Filter>Source Files</Filter>
    </ClCompile>
    <ClCompile Include="..\src\CreateServiceHandler.cpp">
      <Filter>Source Files</Filter>
    </ClCompile>
    <ClCompile Include="..\src\CreateServiceRequest.cpp">
      <Filter>Source Files</Filter>
    </ClCompile>
    <ClCompile Include="..\src\CreateServiceResponse.cpp">
      <Filter>Source Files</Filter>
    </ClCompile>
    <ClCompile Include="..\src\GetDataSourceHandler.cpp">
      <Filter>Source Files</Filter>
    </ClCompile>
    <ClCompile Include="..\src\GetDataSourceRequest.cpp">
      <Filter>Source Files</Filter>
    </ClCompile>
    <ClCompile Include="..\src\GetDataSourceResponse.cpp">
      <Filter>Source Files</Filter>
    </ClCompile>
    <ClCompile Include="..\src\GetMapHandler.cpp">
      <Filter>Source Files</Filter>
    </ClCompile>
    <ClCompile Include="..\src\GetMapRequest.cpp">
      <Filter>Source Files</Filter>
    </ClCompile>
    <ClCompile Include="..\src\GetMapResponse.cpp">
      <Filter>Source Files</Filter>
    </ClCompile>
    <ClCompile Include="..\src\GetServiceHandler.cpp">
      <Filter>Source Files</Filter>
    </ClCompile>
    <ClCompile Include="..\src\GetServiceRequest.cpp">
      <Filter>Source Files</Filter>
    </ClCompile>
    <ClCompile Include="..\src\GetServiceResponse.cpp">
      <Filter>Source Files</Filter>
    </ClCompile>
    <ClCompile Include="..\src\GetStyleHandler.cpp">
      <Filter>Source Files</Filter>
    </ClCompile>
    <ClCompile Include="..\src\GetStyleRequest.cpp">
      <Filter>Source Files</Filter>
    </ClCompile>
    <ClCompile Include="..\src\GetStyleResponse.cpp">
      <Filter>Source Files</Filter>
    </ClCompile>
    <ClCompile Include="..\src\RegisterDataSourceHandler.cpp">
      <Filter>Source Files</Filter>
    </ClCompile>
    <ClCompile Include="..\src\RegisterDataSourceRequest.cpp">
      <Filter>Source Files</Filter>
    </ClCompile>
    <ClCompile Include="..\src\RegisterLayerHandler.cpp">
      <Filter>Source Files</Filter>
    </ClCompile>
    <ClCompile Include="..\src\RegisterLayerRequest.cpp">
      <Filter>Source Files</Filter>
    </ClCompile>
    <ClCompile Include="..\src\RemoveMapHandler.cpp">
      <Filter>Source Files</Filter>
    </ClCompile>
    <ClCompile Include="..\src\RemoveMapRequest.cpp">
      <Filter>Source Files</Filter>
    </ClCompile>
    <ClCompile Include="..\src\RemoveServiceHandler.cpp">
      <Filter>Source Files</Filter>
    </ClCompile>
    <ClCompile Include="..\src\RemoveServiceRequest.cpp">
      <Filter>Source Files</Filter>
    </ClCompile>
    <ClCompile Include="..\src\RemoveServiceResponse.cpp">
      <Filter>Source Files</Filter>
    </ClCompile>
    <ClCompile Include="..\src\SetStyleHandler.cpp">
      <Filter>Source Files</Filter>
    </ClCompile>
    <ClCompile Include="..\src\SetStyleRequest.cpp">
      <Filter>Source Files</Filter>
    </ClCompile>
    <ClCompile Include="..\src\UnregisterDataSourceHandler.cpp">
      <Filter>Source Files</Filter>
    </ClCompile>
    <ClCompile Include="..\src\UnregisterDataSourceRequest.cpp">
      <Filter>Source Files</Filter>
    </ClCompile>
    <ClCompile Include="..\src\AddStyleHandler.cpp">
      <Filter>Source Files</Filter>
    </ClCompile>
    <ClCompile Include="..\src\AddStyleRequest.cpp">
      <Filter>Source Files</Filter>
    </ClCompile>
    <ClCompile Include="..\src\UpdateStyleHandler.cpp">
      <Filter>Source Files</Filter>
    </ClCompile>
    <ClCompile Include="..\src\UpdateStyleRequest.cpp">
      <Filter>Source Files</Filter>
    </ClCompile>
    <ClCompile Include="..\src\RemoveStyleHandler.cpp">
      <Filter>Source Files</Filter>
    </ClCompile>
    <ClCompile Include="..\src\RemoveStyleRequest.cpp">
      <Filter>Source Files</Filter>
    </ClCompile>
    <ClCompile Include="..\src\RegisterMapHandler.cpp">
      <Filter>Source Files</Filter>
    </ClCompile>
    <ClCompile Include="..\src\RegisterMapRequest.cpp">
      <Filter>Source Files</Filter>
    </ClCompile>
    <ClCompile Include="..\src\GetFontRequest.cpp">
      <Filter>Source Files</Filter>
    </ClCompile>
    <ClCompile Include="..\src\GetFontHandler.cpp">
      <Filter>Source Files</Filter>
    </ClCompile>
    <ClCompile Include="..\src\GetFontResponse.cpp">
      <Filter>Source Files</Filter>
    </ClCompile>
    <ClCompile Include="..\src\GetDataSetHandler.cpp">
      <Filter>Source Files</Filter>
    </ClCompile>
    <ClCompile Include="..\src\GetDataSetRequest.cpp">
      <Filter>Source Files</Filter>
    </ClCompile>
    <ClCompile Include="..\src\GetDataSetResponse.cpp">
      <Filter>Source Files</Filter>
    </ClCompile>
    <ClCompile Include="..\src\GetPreviewHandler.cpp">
      <Filter>Source Files</Filter>
    </ClCompile>
    <ClCompile Include="..\src\GetPreviewRequest.cpp">
      <Filter>Source Files</Filter>
    </ClCompile>
    <ClCompile Include="..\src\GetPreviewResponse.cpp">
      <Filter>Source Files</Filter>
    </ClCompile>
  </ItemGroup>
  <ItemGroup>
    <ClInclude Include="..\include\WEngine.h">
      <Filter>Header Files</Filter>
    </ClInclude>
    <ClInclude Include="..\include\CapabilitiesHandler.h">
      <Filter>Header Files</Filter>
    </ClInclude>
    <ClInclude Include="..\include\CapabilitiesRequest.h">
      <Filter>Header Files</Filter>
    </ClInclude>
    <ClInclude Include="..\include\CapabilitiesResponse.h">
      <Filter>Header Files</Filter>
    </ClInclude>
    <ClInclude Include="..\include\CreateMapHandler.h">
      <Filter>Header Files</Filter>
    </ClInclude>
    <ClInclude Include="..\include\CreateMapRequest.h">
      <Filter>Header Files</Filter>
    </ClInclude>
    <ClInclude Include="..\include\CreateServiceHandler.h">
      <Filter>Header Files</Filter>
    </ClInclude>
    <ClInclude Include="..\include\CreateServiceRequest.h">
      <Filter>Header Files</Filter>
    </ClInclude>
    <ClInclude Include="..\include\CreateServiceResponse.h">
      <Filter>Header Files</Filter>
    </ClInclude>
    <ClInclude Include="..\include\GetDataSourceHandler.h">
      <Filter>Header Files</Filter>
    </ClInclude>
    <ClInclude Include="..\include\GetDataSourceRequest.h">
      <Filter>Header Files</Filter>
    </ClInclude>
    <ClInclude Include="..\include\GetDataSourceResponse.h">
      <Filter>Header Files</Filter>
    </ClInclude>
    <ClInclude Include="..\include\GetMapHandler.h">
      <Filter>Header Files</Filter>
    </ClInclude>
    <ClInclude Include="..\include\GetMapRequest.h">
      <Filter>Header Files</Filter>
    </ClInclude>
    <ClInclude Include="..\include\GetMapResponse.h">
      <Filter>Header Files</Filter>
    </ClInclude>
    <ClInclude Include="..\include\GetServiceHandler.h">
      <Filter>Header Files</Filter>
    </ClInclude>
    <ClInclude Include="..\include\GetServiceRequest.h">
      <Filter>Header Files</Filter>
    </ClInclude>
    <ClInclude Include="..\include\GetServiceResponse.h">
      <Filter>Header Files</Filter>
    </ClInclude>
    <ClInclude Include="..\include\GetStyleHandler.h">
      <Filter>Header Files</Filter>
    </ClInclude>
    <ClInclude Include="..\include\GetStyleRequest.h">
      <Filter>Header Files</Filter>
    </ClInclude>
    <ClInclude Include="..\include\GetStyleResponse.h">
      <Filter>Header Files</Filter>
    </ClInclude>
    <ClInclude Include="..\include\RegisterDataSourceHandler.h">
      <Filter>Header Files</Filter>
    </ClInclude>
    <ClInclude Include="..\include\RegisterDataSourceRequest.h">
      <Filter>Header Files</Filter>
    </ClInclude>
    <ClInclude Include="..\include\RegisterLayerHandler.h">
      <Filter>Header Files</Filter>
    </ClInclude>
    <ClInclude Include="..\include\RegisterLayerRequest.h">
      <Filter>Header Files</Filter>
    </ClInclude>
    <ClInclude Include="..\include\RemoveMapHandler.h">
      <Filter>Header Files</Filter>
    </ClInclude>
    <ClInclude Include="..\include\RemoveMapRequest.h">
      <Filter>Header Files</Filter>
    </ClInclude>
    <ClInclude Include="..\include\RemoveServiceHandler.h">
      <Filter>Header Files</Filter>
    </ClInclude>
    <ClInclude Include="..\include\RemoveServiceRequest.h">
      <Filter>Header Files</Filter>
    </ClInclude>
    <ClInclude Include="..\include\RemoveServiceResponse.h">
      <Filter>Header Files</Filter>
    </ClInclude>
    <ClInclude Include="..\include\SetStyleHandler.h">
      <Filter>Header Files</Filter>
    </ClInclude>
    <ClInclude Include="..\include\SetStyleRequest.h">
      <Filter>Header Files</Filter>
    </ClInclude>
    <ClInclude Include="..\include\UnregisterDataSourceHandler.h">
      <Filter>Header Files</Filter>
    </ClInclude>
    <ClInclude Include="..\include\UnregisterDataSourceRequest.h">
      <Filter>Header Files</Filter>
    </ClInclude>
    <ClInclude Include="..\include\AddStyleHandler.h">
      <Filter>Header Files</Filter>
    </ClInclude>
    <ClInclude Include="..\include\AddStyleRequest.h">
      <Filter>Header Files</Filter>
    </ClInclude>
    <ClInclude Include="..\include\UpdateStyleHandler.h">
      <Filter>Header Files</Filter>
    </ClInclude>
    <ClInclude Include="..\include\UpdateStyleRequest.h">
      <Filter>Header Files</Filter>
    </ClInclude>
    <ClInclude Include="..\include\RemoveStyleHandler.h">
      <Filter>Header Files</Filter>
    </ClInclude>
    <ClInclude Include="..\include\RemoveStyleRequest.h">
      <Filter>Header Files</Filter>
    </ClInclude>
    <ClInclude Include="..\include\RegisterMapHandler.h">
      <Filter>Header Files</Filter>
    </ClInclude>
    <ClInclude Include="..\include\RegisterMapRequest.h">
      <Filter>Header Files</Filter>
    </ClInclude>
    <ClInclude Include="..\include\GetFontHandler.h">
      <Filter>Header Files</Filter>
    </ClInclude>
    <ClInclude Include="..\include\GetFontRequest.h">
      <Filter>Header Files</Filter>
    </ClInclude>
    <ClInclude Include="..\include\GetFontResponse.h">
      <Filter>Header Files</Filter>
    </ClInclude>
    <ClInclude Include="..\include\GetDataSetHandler.h">
      <Filter>Header Files</Filter>
    </ClInclude>
    <ClInclude Include="..\include\GetDataSetRequest.h">
      <Filter>Header Files</Filter>
    </ClInclude>
    <ClInclude Include="..\include\GetDataSetResponse.h">
      <Filter>Header Files</Filter>
    </ClInclude>
    <ClInclude Include="..\include\GetPreviewHandler.h">
      <Filter>Header Files</Filter>
    </ClInclude>
    <ClInclude Include="..\include\GetPreviewRequest.h">
      <Filter>Header Files</Filter>
    </ClInclude>
    <ClInclude Include="..\include\GetPreviewResponse.h">
      <Filter>Header Files</Filter>
    </ClInclude>
  </ItemGroup>
</Project>