
Microsoft Visual Studio Solution File, Format Version 11.00
# Visual Studio 2010
Project("{8BC9CEB8-8B4A-11D0-8D11-00A0C91BC942}") = "GDEngine", "..\..\..\Data\GDEngine\32_x86_win_vc10\GDEngine.vcxproj", "{07AF14F1-448D-4018-80BF-0298C9A7D022}"
	ProjectSection(ProjectDependencies) = postProject
		{C17AA319-6571-48F3-BFD6-111B3B0445C5} = {C17AA319-6571-48F3-BFD6-111B3B0445C5}
		{075E99AE-8CDC-452A-BDD8-3E789ED20A7A} = {075E99AE-8CDC-452A-BDD8-3E789ED20A7A}
		{F48BFECB-342B-47B0-A85C-250FA6FF74C9} = {F48BFECB-342B-47B0-A85C-250FA6FF74C9}
		{5B62A6CC-CEAB-47C8-B6E3-4028CE69D698} = {5B62A6CC-CEAB-47C8-B6E3-4028CE69D698}
		{730DABD0-B11E-4DB7-B221-BC018C568F59} = {730DABD0-B11E-4DB7-B221-BC018C568F59}
		{44D099DD-1C8A-4CE2-8B0B-63C4589CB511} = {44D099DD-1C8A-4CE2-8B0B-63C4589CB511}
		{483450F0-61B4-49A8-BF5C-0358B6C38E25} = {483450F0-61B4-49A8-BF5C-0358B6C38E25}
	EndProjectSection
EndProject
Project("{8BC9CEB8-8B4A-11D0-8D11-00A0C91BC942}") = "GFilter", "..\..\..\Filter\32_x86_win_vc10\GFilter.vcxproj", "{075E99AE-8CDC-452A-BDD8-3E789ED20A7A}"
EndProject
Project("{8BC9CEB8-8B4A-11D0-8D11-00A0C91BC942}") = "GCarto", "..\..\..\Carto\32_x86_win_vc10\GCarto.vcxproj", "{1BA6BCF9-52DA-46D1-A096-DA9A72C8C4B6}"
EndProject
Project("{8BC9CEB8-8B4A-11D0-8D11-00A0C91BC942}") = "GCore", "..\..\..\Core\32_x86_win_vc10\GCore.vcxproj", "{175ED294-86C6-45A1-9E7A-770AE765EB23}"
EndProject
Project("{8BC9CEB8-8B4A-11D0-8D11-00A0C91BC942}") = "GPostgres", "..\..\..\Data\GPostgres\32_x86_win_vc10\GPostgres.vcxproj", "{5B62A6CC-CEAB-47C8-B6E3-4028CE69D698}"
EndProject
Project("{8BC9CEB8-8B4A-11D0-8D11-00A0C91BC942}") = "GShape", "..\..\..\Data\GShape\32_x86_win_vc10\GShape.vcxproj", "{C17AA319-6571-48F3-BFD6-111B3B0445C5}"
EndProject
Project("{8BC9CEB8-8B4A-11D0-8D11-00A0C91BC942}") = "gscore", "..\..\gscore\32_x86_win_vc10\gscore.vcxproj", "{A2755F3E-74F6-400D-A745-6BABA7BC3D05}"
EndProject
Project("{8BC9CEB8-8B4A-11D0-8D11-00A0C91BC942}") = "mgr", "..\..\mgr\32_x86_win_vc10\mgr.vcxproj", "{C315E5BD-713B-4812-9B05-8A0F6475DAB0}"
	ProjectSection(ProjectDependencies) = postProject
		{D8C7BCA3-AADF-430D-BD10-6F771418F31B} = {D8C7BCA3-AADF-430D-BD10-6F771418F31B}
		{BC7BD1C7-5C79-489B-AC0E-9271CF2E23ED} = {BC7BD1C7-5C79-489B-AC0E-9271CF2E23ED}
	EndProjectSection
EndProject
Project("{8BC9CEB8-8B4A-11D0-8D11-00A0C91BC942}") = "gsvrs", "..\..\gsvrs\32_x86_win_vc10\gsvrs.vcxproj", "{D8C7BCA3-AADF-430D-BD10-6F771418F31B}"
	ProjectSection(ProjectDependencies) = postProject
		{C6045F1B-77E7-4716-84F1-E8E0B8A70290} = {C6045F1B-77E7-4716-84F1-E8E0B8A70290}
		{685A4C3A-5188-487A-AC43-376EBCEC73C6} = {685A4C3A-5188-487A-AC43-376EBCEC73C6}
		{A2755F3E-74F6-400D-A745-6BABA7BC3D05} = {A2755F3E-74F6-400D-A745-6BABA7BC3D05}
		{48B5A744-A1F7-46F1-95B8-00B2ABEFD18E} = {48B5A744-A1F7-46F1-95B8-00B2ABEFD18E}
		{961093B5-A829-41C7-87A1-6CE75B065B5C} = {961093B5-A829-41C7-87A1-6CE75B065B5C}
		{A5C0CFD4-AFFB-4B32-B4F4-BF77B0351A9A} = {A5C0CFD4-AFFB-4B32-B4F4-BF77B0351A9A}
		{CA2105E9-5D81-4D6A-8D32-1E992F46F9A7} = {CA2105E9-5D81-4D6A-8D32-1E992F46F9A7}
	EndProjectSection
EndProject
Project("{8BC9CEB8-8B4A-11D0-8D11-00A0C91BC942}") = "ims", "ims.vcxproj", "{479FAB6D-86C5-43C2-B8D0-E8F167A8D56C}"
EndProject
Project("{8BC9CEB8-8B4A-11D0-8D11-00A0C91BC942}") = "gswms", "..\..\gswms\32_x86_win_vc10\gswms.vcxproj", "{C6045F1B-77E7-4716-84F1-E8E0B8A70290}"
EndProject
Project("{8BC9CEB8-8B4A-11D0-8D11-00A0C91BC942}") = "gswfs", "..\..\gswfs\32_x86_win_vc10\gswfs.vcxproj", "{685A4C3A-5188-487A-AC43-376EBCEC73C6}"
EndProject
Project("{8BC9CEB8-8B4A-11D0-8D11-00A0C91BC942}") = "gsims", "..\..\gsims\32_x86_win_vc10\gsims.vcxproj", "{A5C0CFD4-AFFB-4B32-B4F4-BF77B0351A9A}"
EndProject
Project("{8BC9CEB8-8B4A-11D0-8D11-00A0C91BC942}") = "gsdbs", "..\..\gsdbs\32_x86_win_vc10\gsdbs.vcxproj", "{48B5A744-A1F7-46F1-95B8-00B2ABEFD18E}"
	ProjectSection(ProjectDependencies) = postProject
		{B27E9A32-8154-484F-B312-9532EA0469A0} = {B27E9A32-8154-484F-B312-9532EA0469A0}
	EndProjectSection
EndProject
Project("{8BC9CEB8-8B4A-11D0-8D11-00A0C91BC942}") = "GAuth", "..\..\..\Auth\32_x86_win_vc10\GAuth.vcxproj", "{BC7BD1C7-5C79-489B-AC0E-9271CF2E23ED}"
EndProject
Project("{8BC9CEB8-8B4A-11D0-8D11-00A0C91BC942}") = "gsauth", "..\..\gsauth\32_x86_win_vc10\gsauth.vcxproj", "{E361D34C-1E89-48C1-AC90-D60721C7D06A}"
EndProject
Project("{8BC9CEB8-8B4A-11D0-8D11-00A0C91BC942}") = "GTileFS", "..\..\..\Data\GTileFS\32_x86_win_vc10\GTileFS.vcxproj", "{730DABD0-B11E-4DB7-B221-BC018C568F59}"
EndProject
Project("{8BC9CEB8-8B4A-11D0-8D11-00A0C91BC942}") = "GTileMgo", "..\..\..\Data\GTileMongo\32_x86_win_vc10\GTileMgo.vcxproj", "{483450F0-61B4-49A8-BF5C-0358B6C38E25}"
EndProject
Project("{8BC9CEB8-8B4A-11D0-8D11-00A0C91BC942}") = "GRasterFS", "..\..\..\Data\GRasterFS\32_x86_win_vc10\GRasterFS.vcxproj", "{44D099DD-1C8A-4CE2-8B0B-63C4589CB511}"
EndProject
Project("{8BC9CEB8-8B4A-11D0-8D11-00A0C91BC942}") = "GRasterDB", "..\..\..\Data\GRasterDB\32_x86_win_vc10\GRasterDB.vcxproj", "{F48BFECB-342B-47B0-A85C-250FA6FF74C9}"
EndProject
Project("{8BC9CEB8-8B4A-11D0-8D11-00A0C91BC942}") = "GProcessor", "..\..\..\Processor\32_x86_win_vc10\GProcessor.vcxproj", "{B27E9A32-8154-484F-B312-9532EA0469A0}"
	ProjectSection(ProjectDependencies) = postProject
		{07AF14F1-448D-4018-80BF-0298C9A7D022} = {07AF14F1-448D-4018-80BF-0298C9A7D022}
		{1BA6BCF9-52DA-46D1-A096-DA9A72C8C4B6} = {1BA6BCF9-52DA-46D1-A096-DA9A72C8C4B6}
	EndProjectSection
EndProject
Project("{8BC9CEB8-8B4A-11D0-8D11-00A0C91BC942}") = "gsgps", "..\..\gsgps\32_x86_win_vc10\gsgps.vcxproj", "{961093B5-A829-41C7-87A1-6CE75B065B5C}"
	ProjectSection(ProjectDependencies) = postProject
		{075E99AE-8CDC-452A-BDD8-3E789ED20A7A} = {075E99AE-8CDC-452A-BDD8-3E789ED20A7A}
	EndProjectSection
EndProject
Project("{8BC9CEB8-8B4A-11D0-8D11-00A0C91BC942}") = "gswmts", "..\..\gswmts\32_x86_win_vc10\gswmts.vcxproj", "{CA2105E9-5D81-4D6A-8D32-1E992F46F9A7}"
EndProject
Project("{8BC9CEB8-8B4A-11D0-8D11-00A0C91BC942}") = "GRaster", "..\..\..\Raster\32_x86_win_vc10\GRaster.vcxproj", "{57E6CDAA-E9D2-4CA1-9542-70CA0081C547}"
EndProject
Project("{8BC9CEB8-8B4A-11D0-8D11-00A0C91BC942}") = "GCsvFile", "..\..\..\Data\GCsvFile\32_x86_win_vc10\GCsvFile.vcxproj", "{972649C7-4098-4683-8335-93AABEB2C453}"
EndProject
Project("{8BC9CEB8-8B4A-11D0-8D11-00A0C91BC942}") = "gsufs", "..\..\gsufs\32_x86_win_vc10\gsufs.vcxproj", "{BC26607E-6440-4F4E-9CD1-E9A7695F293B}"
EndProject
Project("{8BC9CEB8-8B4A-11D0-8D11-00A0C91BC942}") = "gsrds", "..\..\gsrds\32_x86_win_vc10\gsrds.vcxproj", "{320AD0BC-A414-45E1-821E-419EFD49E16C}"
EndProject
Global
	GlobalSection(SolutionConfigurationPlatforms) = preSolution
		Debug|Win32 = Debug|Win32
		Release|Win32 = Release|Win32
	EndGlobalSection
	GlobalSection(ProjectConfigurationPlatforms) = postSolution
		{07AF14F1-448D-4018-80BF-0298C9A7D022}.Debug|Win32.ActiveCfg = Debug|Win32
		{07AF14F1-448D-4018-80BF-0298C9A7D022}.Debug|Win32.Build.0 = Debug|Win32
		{07AF14F1-448D-4018-80BF-0298C9A7D022}.Release|Win32.ActiveCfg = Release|Win32
		{07AF14F1-448D-4018-80BF-0298C9A7D022}.Release|Win32.Build.0 = Release|Win32
		{075E99AE-8CDC-452A-BDD8-3E789ED20A7A}.Debug|Win32.ActiveCfg = Debug|Win32
		{075E99AE-8CDC-452A-BDD8-3E789ED20A7A}.Debug|Win32.Build.0 = Debug|Win32
		{075E99AE-8CDC-452A-BDD8-3E789ED20A7A}.Release|Win32.ActiveCfg = Release|Win32
		{075E99AE-8CDC-452A-BDD8-3E789ED20A7A}.Release|Win32.Build.0 = Release|Win32
		{1BA6BCF9-52DA-46D1-A096-DA9A72C8C4B6}.Debug|Win32.ActiveCfg = Debug|Win32
		{1BA6BCF9-52DA-46D1-A096-DA9A72C8C4B6}.Debug|Win32.Build.0 = Debug|Win32
		{1BA6BCF9-52DA-46D1-A096-DA9A72C8C4B6}.Release|Win32.ActiveCfg = Release|Win32
		{1BA6BCF9-52DA-46D1-A096-DA9A72C8C4B6}.Release|Win32.Build.0 = Release|Win32
		{175ED294-86C6-45A1-9E7A-770AE765EB23}.Debug|Win32.ActiveCfg = Debug|Win32
		{175ED294-86C6-45A1-9E7A-770AE765EB23}.Debug|Win32.Build.0 = Debug|Win32
		{175ED294-86C6-45A1-9E7A-770AE765EB23}.Release|Win32.ActiveCfg = Release|Win32
		{175ED294-86C6-45A1-9E7A-770AE765EB23}.Release|Win32.Build.0 = Release|Win32
		{5B62A6CC-CEAB-47C8-B6E3-4028CE69D698}.Debug|Win32.ActiveCfg = Debug|Win32
		{5B62A6CC-CEAB-47C8-B6E3-4028CE69D698}.Debug|Win32.Build.0 = Debug|Win32
		{5B62A6CC-CEAB-47C8-B6E3-4028CE69D698}.Release|Win32.ActiveCfg = Release|Win32
		{5B62A6CC-CEAB-47C8-B6E3-4028CE69D698}.Release|Win32.Build.0 = Release|Win32
		{C17AA319-6571-48F3-BFD6-111B3B0445C5}.Debug|Win32.ActiveCfg = Debug|Win32
		{C17AA319-6571-48F3-BFD6-111B3B0445C5}.Debug|Win32.Build.0 = Debug|Win32
		{C17AA319-6571-48F3-BFD6-111B3B0445C5}.Release|Win32.ActiveCfg = Release|Win32
		{C17AA319-6571-48F3-BFD6-111B3B0445C5}.Release|Win32.Build.0 = Release|Win32
		{A2755F3E-74F6-400D-A745-6BABA7BC3D05}.Debug|Win32.ActiveCfg = Debug|Win32
		{A2755F3E-74F6-400D-A745-6BABA7BC3D05}.Debug|Win32.Build.0 = Debug|Win32
		{A2755F3E-74F6-400D-A745-6BABA7BC3D05}.Release|Win32.ActiveCfg = Release|Win32
		{A2755F3E-74F6-400D-A745-6BABA7BC3D05}.Release|Win32.Build.0 = Release|Win32
		{C315E5BD-713B-4812-9B05-8A0F6475DAB0}.Debug|Win32.ActiveCfg = Debug|Win32
		{C315E5BD-713B-4812-9B05-8A0F6475DAB0}.Debug|Win32.Build.0 = Debug|Win32
		{C315E5BD-713B-4812-9B05-8A0F6475DAB0}.Release|Win32.ActiveCfg = Release|Win32
		{C315E5BD-713B-4812-9B05-8A0F6475DAB0}.Release|Win32.Build.0 = Release|Win32
		{D8C7BCA3-AADF-430D-BD10-6F771418F31B}.Debug|Win32.ActiveCfg = Debug|Win32
		{D8C7BCA3-AADF-430D-BD10-6F771418F31B}.Debug|Win32.Build.0 = Debug|Win32
		{D8C7BCA3-AADF-430D-BD10-6F771418F31B}.Release|Win32.ActiveCfg = Release|Win32
		{D8C7BCA3-AADF-430D-BD10-6F771418F31B}.Release|Win32.Build.0 = Release|Win32
		{479FAB6D-86C5-43C2-B8D0-E8F167A8D56C}.Debug|Win32.ActiveCfg = Debug|Win32
		{479FAB6D-86C5-43C2-B8D0-E8F167A8D56C}.Debug|Win32.Build.0 = Debug|Win32
		{479FAB6D-86C5-43C2-B8D0-E8F167A8D56C}.Release|Win32.ActiveCfg = Release|Win32
		{479FAB6D-86C5-43C2-B8D0-E8F167A8D56C}.Release|Win32.Build.0 = Release|Win32
		{C6045F1B-77E7-4716-84F1-E8E0B8A70290}.Debug|Win32.ActiveCfg = Debug|Win32
		{C6045F1B-77E7-4716-84F1-E8E0B8A70290}.Debug|Win32.Build.0 = Debug|Win32
		{C6045F1B-77E7-4716-84F1-E8E0B8A70290}.Release|Win32.ActiveCfg = Release|Win32
		{C6045F1B-77E7-4716-84F1-E8E0B8A70290}.Release|Win32.Build.0 = Release|Win32
		{685A4C3A-5188-487A-AC43-376EBCEC73C6}.Debug|Win32.ActiveCfg = Debug|Win32
		{685A4C3A-5188-487A-AC43-376EBCEC73C6}.Debug|Win32.Build.0 = Debug|Win32
		{685A4C3A-5188-487A-AC43-376EBCEC73C6}.Release|Win32.ActiveCfg = Release|Win32
		{685A4C3A-5188-487A-AC43-376EBCEC73C6}.Release|Win32.Build.0 = Release|Win32
		{A5C0CFD4-AFFB-4B32-B4F4-BF77B0351A9A}.Debug|Win32.ActiveCfg = Debug|Win32
		{A5C0CFD4-AFFB-4B32-B4F4-BF77B0351A9A}.Debug|Win32.Build.0 = Debug|Win32
		{A5C0CFD4-AFFB-4B32-B4F4-BF77B0351A9A}.Release|Win32.ActiveCfg = Release|Win32
		{A5C0CFD4-AFFB-4B32-B4F4-BF77B0351A9A}.Release|Win32.Build.0 = Release|Win32
		{48B5A744-A1F7-46F1-95B8-00B2ABEFD18E}.Debug|Win32.ActiveCfg = Debug|Win32
		{48B5A744-A1F7-46F1-95B8-00B2ABEFD18E}.Debug|Win32.Build.0 = Debug|Win32
		{48B5A744-A1F7-46F1-95B8-00B2ABEFD18E}.Release|Win32.ActiveCfg = Release|Win32
		{48B5A744-A1F7-46F1-95B8-00B2ABEFD18E}.Release|Win32.Build.0 = Release|Win32
		{BC7BD1C7-5C79-489B-AC0E-9271CF2E23ED}.Debug|Win32.ActiveCfg = Debug|Win32
		{BC7BD1C7-5C79-489B-AC0E-9271CF2E23ED}.Debug|Win32.Build.0 = Debug|Win32
		{BC7BD1C7-5C79-489B-AC0E-9271CF2E23ED}.Release|Win32.ActiveCfg = Release|Win32
		{BC7BD1C7-5C79-489B-AC0E-9271CF2E23ED}.Release|Win32.Build.0 = Release|Win32
		{E361D34C-1E89-48C1-AC90-D60721C7D06A}.Debug|Win32.ActiveCfg = Debug|Win32
		{E361D34C-1E89-48C1-AC90-D60721C7D06A}.Debug|Win32.Build.0 = Debug|Win32
		{E361D34C-1E89-48C1-AC90-D60721C7D06A}.Release|Win32.ActiveCfg = Release|Win32
		{E361D34C-1E89-48C1-AC90-D60721C7D06A}.Release|Win32.Build.0 = Release|Win32
		{730DABD0-B11E-4DB7-B221-BC018C568F59}.Debug|Win32.ActiveCfg = Debug|Win32
		{730DABD0-B11E-4DB7-B221-BC018C568F59}.Debug|Win32.Build.0 = Debug|Win32
		{730DABD0-B11E-4DB7-B221-BC018C568F59}.Release|Win32.ActiveCfg = Release|Win32
		{730DABD0-B11E-4DB7-B221-BC018C568F59}.Release|Win32.Build.0 = Release|Win32
		{483450F0-61B4-49A8-BF5C-0358B6C38E25}.Debug|Win32.ActiveCfg = Debug|Win32
		{483450F0-61B4-49A8-BF5C-0358B6C38E25}.Debug|Win32.Build.0 = Debug|Win32
		{483450F0-61B4-49A8-BF5C-0358B6C38E25}.Release|Win32.ActiveCfg = Release|Win32
		{483450F0-61B4-49A8-BF5C-0358B6C38E25}.Release|Win32.Build.0 = Release|Win32
		{44D099DD-1C8A-4CE2-8B0B-63C4589CB511}.Debug|Win32.ActiveCfg = Debug|Win32
		{44D099DD-1C8A-4CE2-8B0B-63C4589CB511}.Debug|Win32.Build.0 = Debug|Win32
		{44D099DD-1C8A-4CE2-8B0B-63C4589CB511}.Release|Win32.ActiveCfg = Release|Win32
		{44D099DD-1C8A-4CE2-8B0B-63C4589CB511}.Release|Win32.Build.0 = Release|Win32
		{F48BFECB-342B-47B0-A85C-250FA6FF74C9}.Debug|Win32.ActiveCfg = Debug|Win32
		{F48BFECB-342B-47B0-A85C-250FA6FF74C9}.Debug|Win32.Build.0 = Debug|Win32
		{F48BFECB-342B-47B0-A85C-250FA6FF74C9}.Release|Win32.ActiveCfg = Release|Win32
		{F48BFECB-342B-47B0-A85C-250FA6FF74C9}.Release|Win32.Build.0 = Release|Win32
		{B27E9A32-8154-484F-B312-9532EA0469A0}.Debug|Win32.ActiveCfg = Debug|Win32
		{B27E9A32-8154-484F-B312-9532EA0469A0}.Debug|Win32.Build.0 = Debug|Win32
		{B27E9A32-8154-484F-B312-9532EA0469A0}.Release|Win32.ActiveCfg = Release|Win32
		{B27E9A32-8154-484F-B312-9532EA0469A0}.Release|Win32.Build.0 = Release|Win32
		{961093B5-A829-41C7-87A1-6CE75B065B5C}.Debug|Win32.ActiveCfg = Debug|Win32
		{961093B5-A829-41C7-87A1-6CE75B065B5C}.Debug|Win32.Build.0 = Debug|Win32
		{961093B5-A829-41C7-87A1-6CE75B065B5C}.Release|Win32.ActiveCfg = Release|Win32
		{961093B5-A829-41C7-87A1-6CE75B065B5C}.Release|Win32.Build.0 = Release|Win32
		{CA2105E9-5D81-4D6A-8D32-1E992F46F9A7}.Debug|Win32.ActiveCfg = Debug|Win32
		{CA2105E9-5D81-4D6A-8D32-1E992F46F9A7}.Debug|Win32.Build.0 = Debug|Win32
		{CA2105E9-5D81-4D6A-8D32-1E992F46F9A7}.Release|Win32.ActiveCfg = Release|Win32
		{CA2105E9-5D81-4D6A-8D32-1E992F46F9A7}.Release|Win32.Build.0 = Release|Win32
		{57E6CDAA-E9D2-4CA1-9542-70CA0081C547}.Debug|Win32.ActiveCfg = Debug|Win32
		{57E6CDAA-E9D2-4CA1-9542-70CA0081C547}.Debug|Win32.Build.0 = Debug|Win32
		{57E6CDAA-E9D2-4CA1-9542-70CA0081C547}.Release|Win32.ActiveCfg = Release|Win32
		{57E6CDAA-E9D2-4CA1-9542-70CA0081C547}.Release|Win32.Build.0 = Release|Win32
		{972649C7-4098-4683-8335-93AABEB2C453}.Debug|Win32.ActiveCfg = Debug|Win32
		{972649C7-4098-4683-8335-93AABEB2C453}.Debug|Win32.Build.0 = Debug|Win32
		{972649C7-4098-4683-8335-93AABEB2C453}.Release|Win32.ActiveCfg = Release|Win32
		{972649C7-4098-4683-8335-93AABEB2C453}.Release|Win32.Build.0 = Release|Win32
		{BC26607E-6440-4F4E-9CD1-E9A7695F293B}.Debug|Win32.ActiveCfg = Debug|Win32
		{BC26607E-6440-4F4E-9CD1-E9A7695F293B}.Debug|Win32.Build.0 = Debug|Win32
		{BC26607E-6440-4F4E-9CD1-E9A7695F293B}.Release|Win32.ActiveCfg = Release|Win32
		{BC26607E-6440-4F4E-9CD1-E9A7695F293B}.Release|Win32.Build.0 = Release|Win32
		{320AD0BC-A414-45E1-821E-419EFD49E16C}.Debug|Win32.ActiveCfg = Debug|Win32
		{320AD0BC-A414-45E1-821E-419EFD49E16C}.Debug|Win32.Build.0 = Debug|Win32
		{320AD0BC-A414-45E1-821E-419EFD49E16C}.Release|Win32.ActiveCfg = Release|Win32
		{320AD0BC-A414-45E1-821E-419EFD49E16C}.Release|Win32.Build.0 = Release|Win32
	EndGlobalSection
	GlobalSection(SolutionProperties) = preSolution
		HideSolutionNode = FALSE
	EndGlobalSection
EndGlobal
