
Microsoft Visual Studio Solution File, Format Version 11.00
# Visual Studio 2010
Project("{8BC9CEB8-8B4A-11D0-8D11-00A0C91BC942}") = "GRasterDB", "GRasterDB.vcxproj", "{F48BFECB-342B-47B0-A85C-250FA6FF74C9}"
EndProject
Project("{8BC9CEB8-8B4A-11D0-8D11-00A0C91BC942}") = "test", "..\test\test.vcxproj", "{634F6CF5-056B-4A46-9E52-335F7C33E9AF}"
	ProjectSection(ProjectDependencies) = postProject
		{F48BFECB-342B-47B0-A85C-250FA6FF74C9} = {F48BFECB-342B-47B0-A85C-250FA6FF74C9}
	EndProjectSection
EndProject
Project("{8BC9CEB8-8B4A-11D0-8D11-00A0C91BC942}") = "GDEngine", "..\..\GDEngine\32_x86_win_vc10\GDEngine.vcxproj", "{07AF14F1-448D-4018-80BF-0298C9A7D022}"
EndProject
Project("{8BC9CEB8-8B4A-11D0-8D11-00A0C91BC942}") = "GFilter", "..\..\..\Filter\32_x86_win_vc10\GFilter.vcxproj", "{075E99AE-8CDC-452A-BDD8-3E789ED20A7A}"
EndProject
Global
	GlobalSection(SolutionConfigurationPlatforms) = preSolution
		Debug|Win32 = Debug|Win32
		Release|Win32 = Release|Win32
	EndGlobalSection
	GlobalSection(ProjectConfigurationPlatforms) = postSolution
		{F48BFECB-342B-47B0-A85C-250FA6FF74C9}.Debug|Win32.ActiveCfg = Debug|Win32
		{F48BFECB-342B-47B0-A85C-250FA6FF74C9}.Debug|Win32.Build.0 = Debug|Win32
		{F48BFECB-342B-47B0-A85C-250FA6FF74C9}.Release|Win32.ActiveCfg = Release|Win32
		{F48BFECB-342B-47B0-A85C-250FA6FF74C9}.Release|Win32.Build.0 = Release|Win32
		{634F6CF5-056B-4A46-9E52-335F7C33E9AF}.Debug|Win32.ActiveCfg = Debug|Win32
		{634F6CF5-056B-4A46-9E52-335F7C33E9AF}.Debug|Win32.Build.0 = Debug|Win32
		{634F6CF5-056B-4A46-9E52-335F7C33E9AF}.Release|Win32.ActiveCfg = Release|Win32
		{634F6CF5-056B-4A46-9E52-335F7C33E9AF}.Release|Win32.Build.0 = Release|Win32
		{07AF14F1-448D-4018-80BF-0298C9A7D022}.Debug|Win32.ActiveCfg = Debug|Win32
		{07AF14F1-448D-4018-80BF-0298C9A7D022}.Debug|Win32.Build.0 = Debug|Win32
		{07AF14F1-448D-4018-80BF-0298C9A7D022}.Release|Win32.ActiveCfg = Release|Win32
		{07AF14F1-448D-4018-80BF-0298C9A7D022}.Release|Win32.Build.0 = Release|Win32
		{075E99AE-8CDC-452A-BDD8-3E789ED20A7A}.Debug|Win32.ActiveCfg = Debug|Win32
		{075E99AE-8CDC-452A-BDD8-3E789ED20A7A}.Debug|Win32.Build.0 = Debug|Win32
		{075E99AE-8CDC-452A-BDD8-3E789ED20A7A}.Release|Win32.ActiveCfg = Release|Win32
		{075E99AE-8CDC-452A-BDD8-3E789ED20A7A}.Release|Win32.Build.0 = Release|Win32
	EndGlobalSection
	GlobalSection(SolutionProperties) = preSolution
		HideSolutionNode = FALSE
	EndGlobalSection
EndGlobal
