<?xml version="1.0" encoding="utf-8"?>
<Project ToolsVersion="4.0" xmlns="http://schemas.microsoft.com/developer/msbuild/2003">
  <ItemGroup>
    <Filter Include="Source Files">
      <UniqueIdentifier>{4FC737F1-C7A5-4376-A066-2A32D752A2FF}</UniqueIdentifier>
      <Extensions>cpp;c;cc;cxx;def;odl;idl;hpj;bat;asm;asmx</Extensions>
    </Filter>
    <Filter Include="Header Files">
      <UniqueIdentifier>{93995380-89BD-4b04-88EB-625FBE52EBFB}</UniqueIdentifier>
      <Extensions>h;hpp;hxx;hm;inl;inc;xsd</Extensions>
    </Filter>
    <Filter Include="Resource Files">
      <UniqueIdentifier>{67DA6AB6-F800-4c08-8B7A-83BB121AAD01}</UniqueIdentifier>
      <Extensions>rc;ico;cur;bmp;dlg;rc2;rct;bin;rgs;gif;jpg;jpeg;jpe;resx;tiff;tif;png;wav;mfcribbon-ms</Extensions>
    </Filter>
    <Filter Include="Header Files\FillSymbol">
      <UniqueIdentifier>{4efc4730-8875-4f40-b21a-e08435dab52f}</UniqueIdentifier>
    </Filter>
    <Filter Include="Header Files\Marker">
      <UniqueIdentifier>{f7df5a9d-0fd6-41f0-9198-70e3918acfaa}</UniqueIdentifier>
    </Filter>
    <Filter Include="Header Files\LineSymbol">
      <UniqueIdentifier>{320249e9-146e-4d9d-a691-ca6a3ea70459}</UniqueIdentifier>
    </Filter>
    <Filter Include="Source Files\FillSymbol">
      <UniqueIdentifier>{42ca6bff-141f-4bce-ba46-fe1532144ca0}</UniqueIdentifier>
    </Filter>
    <Filter Include="Source Files\Marker">
      <UniqueIdentifier>{3759c208-509a-4b53-9fee-5448efb31cdc}</UniqueIdentifier>
    </Filter>
    <Filter Include="Source Files\LineSymbol">
      <UniqueIdentifier>{0a1a8abe-9f12-40f3-b611-a690fb9f2395}</UniqueIdentifier>
    </Filter>
  </ItemGroup>
  <ItemGroup>
    <ClCompile Include="..\src\CanvasImpl.cpp">
      <Filter>Source Files</Filter>
    </ClCompile>
    <ClCompile Include="..\src\CartoFactoryImpl.cpp">
      <Filter>Source Files</Filter>
    </ClCompile>
    <ClCompile Include="..\src\CartoManagerImpl.cpp">
      <Filter>Source Files</Filter>
    </ClCompile>
    <ClCompile Include="..\src\ColorMapImpl.cpp">
      <Filter>Source Files</Filter>
    </ClCompile>
    <ClCompile Include="..\src\EnumColorMapImpl.cpp">
      <Filter>Source Files</Filter>
    </ClCompile>
    <ClCompile Include="..\src\EnumMapImpl.cpp">
      <Filter>Source Files</Filter>
    </ClCompile>
    <ClCompile Include="..\src\EnumStyleImpl.cpp">
      <Filter>Source Files</Filter>
    </ClCompile>
    <ClCompile Include="..\src\ExternalGraphicImpl.cpp">
      <Filter>Source Files</Filter>
    </ClCompile>
    <ClCompile Include="..\src\FeatureLayerImpl.cpp">
      <Filter>Source Files</Filter>
    </ClCompile>
    <ClCompile Include="..\src\FeatureStyleImpl.cpp">
      <Filter>Source Files</Filter>
    </ClCompile>
    <ClCompile Include="..\src\FillImpl.cpp">
      <Filter>Source Files</Filter>
    </ClCompile>
    <ClCompile Include="..\src\FontImpl.cpp">
      <Filter>Source Files</Filter>
    </ClCompile>
    <ClCompile Include="..\src\GraphicImpl.cpp">
      <Filter>Source Files</Filter>
    </ClCompile>
    <ClCompile Include="..\src\GraphicLayerImpl.cpp">
      <Filter>Source Files</Filter>
    </ClCompile>
    <ClCompile Include="..\src\Label.cpp">
      <Filter>Source Files</Filter>
    </ClCompile>
    <ClCompile Include="..\src\LabelSet.cpp">
      <Filter>Source Files</Filter>
    </ClCompile>
    <ClCompile Include="..\src\LineLabel.cpp">
      <Filter>Source Files</Filter>
    </ClCompile>
    <ClCompile Include="..\src\LineSymbolizerImpl.cpp">
      <Filter>Source Files</Filter>
    </ClCompile>
    <ClCompile Include="..\src\MapImpl.cpp">
      <Filter>Source Files</Filter>
    </ClCompile>
    <ClCompile Include="..\src\Maplex.cpp">
      <Filter>Source Files</Filter>
    </ClCompile>
    <ClCompile Include="..\src\MapManager.cpp">
      <Filter>Source Files</Filter>
    </ClCompile>
    <ClCompile Include="..\src\MarkImpl.cpp">
      <Filter>Source Files</Filter>
    </ClCompile>
    <ClCompile Include="..\src\PointLabel.cpp">
      <Filter>Source Files</Filter>
    </ClCompile>
    <ClCompile Include="..\src\PointSymbolizerImpl.cpp">
      <Filter>Source Files</Filter>
    </ClCompile>
    <ClCompile Include="..\src\PolygonLabel.cpp">
      <Filter>Source Files</Filter>
    </ClCompile>
    <ClCompile Include="..\src\PolygonSymbolizerImpl.cpp">
      <Filter>Source Files</Filter>
    </ClCompile>
    <ClCompile Include="..\src\QuadServerLayerImpl.cpp">
      <Filter>Source Files</Filter>
    </ClCompile>
    <ClCompile Include="..\src\RasterLayerImpl.cpp">
      <Filter>Source Files</Filter>
    </ClCompile>
    <ClCompile Include="..\src\RasterStyleImpl.cpp">
      <Filter>Source Files</Filter>
    </ClCompile>
    <ClCompile Include="..\src\RasterSymbolizerImpl.cpp">
      <Filter>Source Files</Filter>
    </ClCompile>
    <ClCompile Include="..\src\RendererCairo.cpp">
      <Filter>Source Files</Filter>
    </ClCompile>
    <ClCompile Include="..\src\RuleImpl.cpp">
      <Filter>Source Files</Filter>
    </ClCompile>
    <ClCompile Include="..\src\StrokeImpl.cpp">
      <Filter>Source Files</Filter>
    </ClCompile>
    <ClCompile Include="..\src\StyleFactoryImpl.cpp">
      <Filter>Source Files</Filter>
    </ClCompile>
    <ClCompile Include="..\src\StyleReader_1_0_0.cpp">
      <Filter>Source Files</Filter>
    </ClCompile>
    <ClCompile Include="..\src\StyleReaderImpl.cpp">
      <Filter>Source Files</Filter>
    </ClCompile>
    <ClCompile Include="..\src\StyleWriter_1_0_0.cpp">
      <Filter>Source Files</Filter>
    </ClCompile>
    <ClCompile Include="..\src\StyleWriterImpl.cpp">
      <Filter>Source Files</Filter>
    </ClCompile>
    <ClCompile Include="..\src\SymbolManagerImpl.cpp">
      <Filter>Source Files</Filter>
    </ClCompile>
    <ClCompile Include="..\src\TextSymbolizerImpl.cpp">
      <Filter>Source Files</Filter>
    </ClCompile>
    <ClCompile Include="..\src\TransformImpl.cpp">
      <Filter>Source Files</Filter>
    </ClCompile>
    <ClCompile Include="..\src\EnumSymbolImpl.cpp">
      <Filter>Source Files</Filter>
    </ClCompile>
    <ClCompile Include="..\src\CircleMarkerImpl.cpp">
      <Filter>Source Files\Marker</Filter>
    </ClCompile>
    <ClCompile Include="..\src\ContinentShelfRegionSymbolImpl.cpp">
      <Filter>Source Files\FillSymbol</Filter>
    </ClCompile>
    <ClCompile Include="..\src\FerryRegionSymbolImpl.cpp">
      <Filter>Source Files\FillSymbol</Filter>
    </ClCompile>
    <ClCompile Include="..\src\GrassLandSymbolImpl.cpp">
      <Filter>Source Files\FillSymbol</Filter>
    </ClCompile>
    <ClCompile Include="..\src\PentagonMarkerImpl.cpp">
      <Filter>Source Files\FillSymbol</Filter>
    </ClCompile>
    <ClCompile Include="..\src\SquareMarkerImpl.cpp">
      <Filter>Source Files\Marker</Filter>
    </ClCompile>
    <ClCompile Include="..\src\RailwaySymbolImpl.cpp">
      <Filter>Source Files\LineSymbol</Filter>
    </ClCompile>
    <ClCompile Include="..\src\StarMarkerImpl.cpp">
      <Filter>Source Files\Marker</Filter>
    </ClCompile>
    <ClCompile Include="..\src\SimpleLineSymbolImpl.cpp">
      <Filter>Source Files\LineSymbol</Filter>
    </ClCompile>
    <ClCompile Include="..\src\SimpleRegionSymbolImpl.cpp">
      <Filter>Source Files\FillSymbol</Filter>
    </ClCompile>
    <ClCompile Include="..\src\GraphicFillSymbolImpl.cpp">
      <Filter>Source Files\FillSymbol</Filter>
    </ClCompile>
    <ClCompile Include="..\src\CapitalMarkerImpl.cpp">
      <Filter>Source Files\Marker</Filter>
    </ClCompile>
    <ClCompile Include="..\src\TriangleMarkerImpl.cpp">
      <Filter>Source Files\Marker</Filter>
    </ClCompile>
    <ClCompile Include="..\src\GraphicMarkerSymbolImpl.cpp">
      <Filter>Source Files\Marker</Filter>
    </ClCompile>
  </ItemGroup>
  <ItemGroup>
    <ClInclude Include="..\include\CanvasImpl.h">
      <Filter>Header Files</Filter>
    </ClInclude>
    <ClInclude Include="..\include\CartoFactoryImpl.h">
      <Filter>Header Files</Filter>
    </ClInclude>
    <ClInclude Include="..\include\CartoManagerImpl.h">
      <Filter>Header Files</Filter>
    </ClInclude>
    <ClInclude Include="..\include\ColorMapImpl.h">
      <Filter>Header Files</Filter>
    </ClInclude>
    <ClInclude Include="..\include\EnumColorMapImpl.h">
      <Filter>Header Files</Filter>
    </ClInclude>
    <ClInclude Include="..\include\EnumMapImpl.h">
      <Filter>Header Files</Filter>
    </ClInclude>
    <ClInclude Include="..\include\EnumStyleImpl.h">
      <Filter>Header Files</Filter>
    </ClInclude>
    <ClInclude Include="..\include\ExternalGraphicImpl.h">
      <Filter>Header Files</Filter>
    </ClInclude>
    <ClInclude Include="..\include\FeatureLayerImpl.h">
      <Filter>Header Files</Filter>
    </ClInclude>
    <ClInclude Include="..\include\FeatureStyleImpl.h">
      <Filter>Header Files</Filter>
    </ClInclude>
    <ClInclude Include="..\include\FontImpl.h">
      <Filter>Header Files</Filter>
    </ClInclude>
    <ClInclude Include="..\include\GraphicImpl.h">
      <Filter>Header Files</Filter>
    </ClInclude>
    <ClInclude Include="..\include\GraphicLayerImpl.h">
      <Filter>Header Files</Filter>
    </ClInclude>
    <ClInclude Include="..\include\Label.h">
      <Filter>Header Files</Filter>
    </ClInclude>
    <ClInclude Include="..\include\LabelSet.h">
      <Filter>Header Files</Filter>
    </ClInclude>
    <ClInclude Include="..\include\LineLabel.h">
      <Filter>Header Files</Filter>
    </ClInclude>
    <ClInclude Include="..\include\LineSymbolizerImpl.h">
      <Filter>Header Files</Filter>
    </ClInclude>
    <ClInclude Include="..\include\MapImpl.h">
      <Filter>Header Files</Filter>
    </ClInclude>
    <ClInclude Include="..\include\Maplex.h">
      <Filter>Header Files</Filter>
    </ClInclude>
    <ClInclude Include="..\include\MarkImpl.h">
      <Filter>Header Files</Filter>
    </ClInclude>
    <ClInclude Include="..\include\PointLabel.h">
      <Filter>Header Files</Filter>
    </ClInclude>
    <ClInclude Include="..\include\PointSymbolizerImpl.h">
      <Filter>Header Files</Filter>
    </ClInclude>
    <ClInclude Include="..\include\PolygonLabel.h">
      <Filter>Header Files</Filter>
    </ClInclude>
    <ClInclude Include="..\include\PolygonSymbolizerImpl.h">
      <Filter>Header Files</Filter>
    </ClInclude>
    <ClInclude Include="..\include\QuadServerLayerImpl.h">
      <Filter>Header Files</Filter>
    </ClInclude>
    <ClInclude Include="..\include\RasterLayerImpl.h">
      <Filter>Header Files</Filter>
    </ClInclude>
    <ClInclude Include="..\include\RasterStyleImpl.h">
      <Filter>Header Files</Filter>
    </ClInclude>
    <ClInclude Include="..\include\RasterSymbolizerImpl.h">
      <Filter>Header Files</Filter>
    </ClInclude>
    <ClInclude Include="..\include\RendererCairo.h">
      <Filter>Header Files</Filter>
    </ClInclude>
    <ClInclude Include="..\include\RuleImpl.h">
      <Filter>Header Files</Filter>
    </ClInclude>
    <ClInclude Include="..\include\SLDConstant.h">
      <Filter>Header Files</Filter>
    </ClInclude>
    <ClInclude Include="..\include\StrokeImpl.h">
      <Filter>Header Files</Filter>
    </ClInclude>
    <ClInclude Include="..\include\StyleFactoryImpl.h">
      <Filter>Header Files</Filter>
    </ClInclude>
    <ClInclude Include="..\include\StyleReader_1_0_0.h">
      <Filter>Header Files</Filter>
    </ClInclude>
    <ClInclude Include="..\include\StyleReaderImpl.h">
      <Filter>Header Files</Filter>
    </ClInclude>
    <ClInclude Include="..\include\StyleWriter_1_0_0.h">
      <Filter>Header Files</Filter>
    </ClInclude>
    <ClInclude Include="..\include\StyleWriterImpl.h">
      <Filter>Header Files</Filter>
    </ClInclude>
    <ClInclude Include="..\include\SymbolManagerImpl.h">
      <Filter>Header Files</Filter>
    </ClInclude>
    <ClInclude Include="..\include\TextSymbolizerImpl.h">
      <Filter>Header Files</Filter>
    </ClInclude>
    <ClInclude Include="..\include\TransformImpl.h">
      <Filter>Header Files</Filter>
    </ClInclude>
    <ClInclude Include="..\..\..\include\AugeStyle.h">
      <Filter>Header Files</Filter>
    </ClInclude>
    <ClInclude Include="..\..\..\include\AugeSymbol.h">
      <Filter>Header Files</Filter>
    </ClInclude>
    <ClInclude Include="..\..\..\include\AugeMarkerSymbol.h">
      <Filter>Header Files</Filter>
    </ClInclude>
    <ClInclude Include="..\..\..\include\AugeLineSymbol.h">
      <Filter>Header Files</Filter>
    </ClInclude>
    <ClInclude Include="..\..\..\include\AugeRegionSymbol.h">
      <Filter>Header Files</Filter>
    </ClInclude>
    <ClInclude Include="..\..\..\include\AugeCarto.h">
      <Filter>Header Files</Filter>
    </ClInclude>
    <ClInclude Include="..\include\EnumSymbolImpl.h">
      <Filter>Header Files</Filter>
    </ClInclude>
    <ClInclude Include="..\include\GrassLandSymbolImpl.h">
      <Filter>Header Files\FillSymbol</Filter>
    </ClInclude>
    <ClInclude Include="..\include\SimpleRegionSymbolImpl.h">
      <Filter>Header Files\FillSymbol</Filter>
    </ClInclude>
    <ClInclude Include="..\include\StarMarkerImpl.h">
      <Filter>Header Files\Marker</Filter>
    </ClInclude>
    <ClInclude Include="..\include\RailwaySymbolImpl.h">
      <Filter>Header Files\LineSymbol</Filter>
    </ClInclude>
    <ClInclude Include="..\include\SimpleLineSymbolImpl.h">
      <Filter>Header Files\LineSymbol</Filter>
    </ClInclude>
    <ClInclude Include="..\include\SquareMarkerImpl.h">
      <Filter>Header Files\Marker</Filter>
    </ClInclude>
    <ClInclude Include="..\include\FerryRegionSymbolImpl.h">
      <Filter>Header Files\FillSymbol</Filter>
    </ClInclude>
    <ClInclude Include="..\include\CapitalMarkerImpl.h">
      <Filter>Header Files\Marker</Filter>
    </ClInclude>
    <ClInclude Include="..\include\CircleMarkerImpl.h">
      <Filter>Header Files\Marker</Filter>
    </ClInclude>
    <ClInclude Include="..\include\PentagonMarkerImpl.h">
      <Filter>Header Files\Marker</Filter>
    </ClInclude>
    <ClInclude Include="..\include\GraphicFillSymbolImpl.h">
      <Filter>Header Files\FillSymbol</Filter>
    </ClInclude>
    <ClInclude Include="..\include\GraphicMarkerSymbolImpl.h">
      <Filter>Header Files\Marker</Filter>
    </ClInclude>
    <ClInclude Include="..\include\ContinentShelfRegionSymbolImpl.h">
      <Filter>Header Files\FillSymbol</Filter>
    </ClInclude>
    <ClInclude Include="..\include\TriangleMarkerImpl.h">
      <Filter>Header Files\Marker</Filter>
    </ClInclude>
  </ItemGroup>
</Project>