
Microsoft Visual Studio Solution File, Format Version 11.00
# Visual Studio 2010
Project("{8BC9CEB8-8B4A-11D0-8D11-00A0C91BC942}") = "gsrds", "gsrds.vcxproj", "{320AD0BC-A414-45E1-821E-419EFD49E16C}"
	ProjectSection(ProjectDependencies) = postProject
		{B27E9A32-8154-484F-B312-9532EA0469A0} = {B27E9A32-8154-484F-B312-9532EA0469A0}
		{5B62A6CC-CEAB-47C8-B6E3-4028CE69D698} = {5B62A6CC-CEAB-47C8-B6E3-4028CE69D698}
	EndProjectSection
EndProject
Project("{8BC9CEB8-8B4A-11D0-8D11-00A0C91BC942}") = "gsdbs", "..\..\gsdbs\32_x86_win_vc10\gsdbs.vcxproj", "{48B5A744-A1F7-46F1-95B8-00B2ABEFD18E}"
EndProject
Project("{8BC9CEB8-8B4A-11D0-8D11-00A0C91BC942}") = "gswms", "..\..\gswms\32_x86_win_vc10\gswms.vcxproj", "{C6045F1B-77E7-4716-84F1-E8E0B8A70290}"
EndProject
Project("{8BC9CEB8-8B4A-11D0-8D11-00A0C91BC942}") = "mgr", "..\..\mgr\32_x86_win_vc10\mgr.vcxproj", "{C315E5BD-713B-4812-9B05-8A0F6475DAB0}"
	ProjectSection(ProjectDependencies) = postProject
		{320AD0BC-A414-45E1-821E-419EFD49E16C} = {320AD0BC-A414-45E1-821E-419EFD49E16C}
	EndProjectSection
EndProject
Project("{8BC9CEB8-8B4A-11D0-8D11-00A0C91BC942}") = "GRaster", "..\..\..\Raster\32_x86_win_vc10\GRaster.vcxproj", "{57E6CDAA-E9D2-4CA1-9542-70CA0081C547}"
EndProject
Project("{8BC9CEB8-8B4A-11D0-8D11-00A0C91BC942}") = "GPostgres", "..\..\..\Data\GPostgres\32_x86_win_vc10\GPostgres.vcxproj", "{5B62A6CC-CEAB-47C8-B6E3-4028CE69D698}"
EndProject
Project("{8BC9CEB8-8B4A-11D0-8D11-00A0C91BC942}") = "GRasterDB", "..\..\..\Data\GRasterDB\32_x86_win_vc10\GRasterDB.vcxproj", "{F48BFECB-342B-47B0-A85C-250FA6FF74C9}"
EndProject
Project("{8BC9CEB8-8B4A-11D0-8D11-00A0C91BC942}") = "GProcessor", "..\..\..\Processor\32_x86_win_vc10\GProcessor.vcxproj", "{B27E9A32-8154-484F-B312-9532EA0469A0}"
	ProjectSection(ProjectDependencies) = postProject
		{57E6CDAA-E9D2-4CA1-9542-70CA0081C547} = {57E6CDAA-E9D2-4CA1-9542-70CA0081C547}
	EndProjectSection
EndProject
Global
	GlobalSection(SolutionConfigurationPlatforms) = preSolution
		Debug|Win32 = Debug|Win32
		Release|Win32 = Release|Win32
	EndGlobalSection
	GlobalSection(ProjectConfigurationPlatforms) = postSolution
		{320AD0BC-A414-45E1-821E-419EFD49E16C}.Debug|Win32.ActiveCfg = Debug|Win32
		{320AD0BC-A414-45E1-821E-419EFD49E16C}.Debug|Win32.Build.0 = Debug|Win32
		{320AD0BC-A414-45E1-821E-419EFD49E16C}.Release|Win32.ActiveCfg = Release|Win32
		{320AD0BC-A414-45E1-821E-419EFD49E16C}.Release|Win32.Build.0 = Release|Win32
		{48B5A744-A1F7-46F1-95B8-00B2ABEFD18E}.Debug|Win32.ActiveCfg = Debug|Win32
		{48B5A744-A1F7-46F1-95B8-00B2ABEFD18E}.Debug|Win32.Build.0 = Debug|Win32
		{48B5A744-A1F7-46F1-95B8-00B2ABEFD18E}.Release|Win32.ActiveCfg = Release|Win32
		{48B5A744-A1F7-46F1-95B8-00B2ABEFD18E}.Release|Win32.Build.0 = Release|Win32
		{C6045F1B-77E7-4716-84F1-E8E0B8A70290}.Debug|Win32.ActiveCfg = Debug|Win32
		{C6045F1B-77E7-4716-84F1-E8E0B8A70290}.Debug|Win32.Build.0 = Debug|Win32
		{C6045F1B-77E7-4716-84F1-E8E0B8A70290}.Release|Win32.ActiveCfg = Release|Win32
		{C6045F1B-77E7-4716-84F1-E8E0B8A70290}.Release|Win32.Build.0 = Release|Win32
		{C315E5BD-713B-4812-9B05-8A0F6475DAB0}.Debug|Win32.ActiveCfg = Debug|Win32
		{C315E5BD-713B-4812-9B05-8A0F6475DAB0}.Debug|Win32.Build.0 = Debug|Win32
		{C315E5BD-713B-4812-9B05-8A0F6475DAB0}.Release|Win32.ActiveCfg = Release|Win32
		{C315E5BD-713B-4812-9B05-8A0F6475DAB0}.Release|Win32.Build.0 = Release|Win32
		{57E6CDAA-E9D2-4CA1-9542-70CA0081C547}.Debug|Win32.ActiveCfg = Debug|Win32
		{57E6CDAA-E9D2-4CA1-9542-70CA0081C547}.Debug|Win32.Build.0 = Debug|Win32
		{57E6CDAA-E9D2-4CA1-9542-70CA0081C547}.Release|Win32.ActiveCfg = Release|Win32
		{57E6CDAA-E9D2-4CA1-9542-70CA0081C547}.Release|Win32.Build.0 = Release|Win32
		{5B62A6CC-CEAB-47C8-B6E3-4028CE69D698}.Debug|Win32.ActiveCfg = Debug|Win32
		{5B62A6CC-CEAB-47C8-B6E3-4028CE69D698}.Debug|Win32.Build.0 = Debug|Win32
		{5B62A6CC-CEAB-47C8-B6E3-4028CE69D698}.Release|Win32.ActiveCfg = Release|Win32
		{5B62A6CC-CEAB-47C8-B6E3-4028CE69D698}.Release|Win32.Build.0 = Release|Win32
		{F48BFECB-342B-47B0-A85C-250FA6FF74C9}.Debug|Win32.ActiveCfg = Debug|Win32
		{F48BFECB-342B-47B0-A85C-250FA6FF74C9}.Debug|Win32.Build.0 = Debug|Win32
		{F48BFECB-342B-47B0-A85C-250FA6FF74C9}.Release|Win32.ActiveCfg = Release|Win32
		{F48BFECB-342B-47B0-A85C-250FA6FF74C9}.Release|Win32.Build.0 = Release|Win32
		{B27E9A32-8154-484F-B312-9532EA0469A0}.Debug|Win32.ActiveCfg = Debug|Win32
		{B27E9A32-8154-484F-B312-9532EA0469A0}.Debug|Win32.Build.0 = Debug|Win32
		{B27E9A32-8154-484F-B312-9532EA0469A0}.Release|Win32.ActiveCfg = Release|Win32
		{B27E9A32-8154-484F-B312-9532EA0469A0}.Release|Win32.Build.0 = Release|Win32
	EndGlobalSection
	GlobalSection(SolutionProperties) = preSolution
		HideSolutionNode = FALSE
	EndGlobalSection
EndGlobal
