
Microsoft Visual Studio Solution File, Format Version 11.00
# Visual Studio 2010
Project("{8BC9CEB8-8B4A-11D0-8D11-00A0C91BC942}") = "GProcessor", "GProcessor.vcxproj", "{B27E9A32-8154-484F-B312-9532EA0469A0}"
EndProject
Project("{8BC9CEB8-8B4A-11D0-8D11-00A0C91BC942}") = "test", "..\test\test.vcxproj", "{634F6CF5-056B-4A46-9E52-335F7C33E9AF}"
	ProjectSection(ProjectDependencies) = postProject
		{B27E9A32-8154-484F-B312-9532EA0469A0} = {B27E9A32-8154-484F-B312-9532EA0469A0}
	EndProjectSection
EndProject
Project("{8BC9CEB8-8B4A-11D0-8D11-00A0C91BC942}") = "GCarto", "..\..\Carto\32_x86_win_vc10\GCarto.vcxproj", "{B6F892A7-59B5-48D6-A97C-8BC432B49E92}"
EndProject
Project("{8BC9CEB8-8B4A-11D0-8D11-00A0C91BC942}") = "GPostgres", "..\..\Data\GPostgres\32_x86_win_vc10\GPostgres.vcxproj", "{5B62A6CC-CEAB-47C8-B6E3-4028CE69D698}"
EndProject
Project("{8BC9CEB8-8B4A-11D0-8D11-00A0C91BC942}") = "GDEngine", "..\..\Data\GDEngine\32_x86_win_vc10\GDEngine.vcxproj", "{07AF14F1-448D-4018-80BF-0298C9A7D022}"
EndProject
Project("{8BC9CEB8-8B4A-11D0-8D11-00A0C91BC942}") = "GCsvFile", "..\..\Data\GCsvFile\32_x86_win_vc10\GCsvFile.vcxproj", "{972649C7-4098-4683-8335-93AABEB2C453}"
EndProject
Global
	GlobalSection(SolutionConfigurationPlatforms) = preSolution
		Debug|Win32 = Debug|Win32
		Release|Win32 = Release|Win32
	EndGlobalSection
	GlobalSection(ProjectConfigurationPlatforms) = postSolution
		{B27E9A32-8154-484F-B312-9532EA0469A0}.Debug|Win32.ActiveCfg = Debug|Win32
		{B27E9A32-8154-484F-B312-9532EA0469A0}.Debug|Win32.Build.0 = Debug|Win32
		{B27E9A32-8154-484F-B312-9532EA0469A0}.Release|Win32.ActiveCfg = Release|Win32
		{B27E9A32-8154-484F-B312-9532EA0469A0}.Release|Win32.Build.0 = Release|Win32
		{634F6CF5-056B-4A46-9E52-335F7C33E9AF}.Debug|Win32.ActiveCfg = Debug|Win32
		{634F6CF5-056B-4A46-9E52-335F7C33E9AF}.Debug|Win32.Build.0 = Debug|Win32
		{634F6CF5-056B-4A46-9E52-335F7C33E9AF}.Release|Win32.ActiveCfg = Release|Win32
		{634F6CF5-056B-4A46-9E52-335F7C33E9AF}.Release|Win32.Build.0 = Release|Win32
		{B6F892A7-59B5-48D6-A97C-8BC432B49E92}.Debug|Win32.ActiveCfg = Debug|Win32
		{B6F892A7-59B5-48D6-A97C-8BC432B49E92}.Debug|Win32.Build.0 = Debug|Win32
		{B6F892A7-59B5-48D6-A97C-8BC432B49E92}.Release|Win32.ActiveCfg = Release|Win32
		{B6F892A7-59B5-48D6-A97C-8BC432B49E92}.Release|Win32.Build.0 = Release|Win32
		{5B62A6CC-CEAB-47C8-B6E3-4028CE69D698}.Debug|Win32.ActiveCfg = Debug|Win32
		{5B62A6CC-CEAB-47C8-B6E3-4028CE69D698}.Debug|Win32.Build.0 = Debug|Win32
		{5B62A6CC-CEAB-47C8-B6E3-4028CE69D698}.Release|Win32.ActiveCfg = Release|Win32
		{5B62A6CC-CEAB-47C8-B6E3-4028CE69D698}.Release|Win32.Build.0 = Release|Win32
		{07AF14F1-448D-4018-80BF-0298C9A7D022}.Debug|Win32.ActiveCfg = Debug|Win32
		{07AF14F1-448D-4018-80BF-0298C9A7D022}.Debug|Win32.Build.0 = Debug|Win32
		{07AF14F1-448D-4018-80BF-0298C9A7D022}.Release|Win32.ActiveCfg = Release|Win32
		{07AF14F1-448D-4018-80BF-0298C9A7D022}.Release|Win32.Build.0 = Release|Win32
		{972649C7-4098-4683-8335-93AABEB2C453}.Debug|Win32.ActiveCfg = Debug|Win32
		{972649C7-4098-4683-8335-93AABEB2C453}.Debug|Win32.Build.0 = Debug|Win32
		{972649C7-4098-4683-8335-93AABEB2C453}.Release|Win32.ActiveCfg = Release|Win32
		{972649C7-4098-4683-8335-93AABEB2C453}.Release|Win32.Build.0 = Release|Win32
	EndGlobalSection
	GlobalSection(SolutionProperties) = preSolution
		HideSolutionNode = FALSE
	EndGlobalSection
EndGlobal
