
Microsoft Visual Studio Solution File, Format Version 11.00
# Visual Studio 2010
Project("{8BC9CEB8-8B4A-11D0-8D11-00A0C91BC942}") = "GPostgres", "GPostgres.vcxproj", "{5B62A6CC-CEAB-47C8-B6E3-4028CE69D698}"
	ProjectSection(ProjectDependencies) = postProject
		{175ED294-86C6-45A1-9E7A-770AE765EB23} = {175ED294-86C6-45A1-9E7A-770AE765EB23}
		{075E99AE-8CDC-452A-BDD8-3E789ED20A7A} = {075E99AE-8CDC-452A-BDD8-3E789ED20A7A}
	EndProjectSection
EndProject
Project("{8BC9CEB8-8B4A-11D0-8D11-00A0C91BC942}") = "GCore", "..\..\..\Core\32_x86_win_vc10\GCore.vcxproj", "{175ED294-86C6-45A1-9E7A-770AE765EB23}"
EndProject
Project("{8BC9CEB8-8B4A-11D0-8D11-00A0C91BC942}") = "test", "..\test\test.vcxproj", "{634F6CF5-056B-4A46-9E52-335F7C33E9AF}"
	ProjectSection(ProjectDependencies) = postProject
		{5B62A6CC-CEAB-47C8-B6E3-4028CE69D698} = {5B62A6CC-CEAB-47C8-B6E3-4028CE69D698}
	EndProjectSection
EndProject
Project("{8BC9CEB8-8B4A-11D0-8D11-00A0C91BC942}") = "GFilter", "..\..\..\Filter\32_x86_win_vc10\GFilter.vcxproj", "{075E99AE-8CDC-452A-BDD8-3E789ED20A7A}"
EndProject
Project("{8BC9CEB8-8B4A-11D0-8D11-00A0C91BC942}") = "GDEngine", "..\..\GDEngine\32_x86_win_vc10\GDEngine.vcxproj", "{07AF14F1-448D-4018-80BF-0298C9A7D022}"
EndProject
Project("{8BC9CEB8-8B4A-11D0-8D11-00A0C91BC942}") = "GShape", "..\..\GShape\32_x86_win_vc10\GShape.vcxproj", "{C17AA319-6571-48F3-BFD6-111B3B0445C5}"
EndProject
Project("{8BC9CEB8-8B4A-11D0-8D11-00A0C91BC942}") = "shp2pgs", "..\shp2pgs\shp2pgs.vcxproj", "{5AADD3E1-0DC7-4263-AA04-D53422A5C2B8}"
	ProjectSection(ProjectDependencies) = postProject
		{C17AA319-6571-48F3-BFD6-111B3B0445C5} = {C17AA319-6571-48F3-BFD6-111B3B0445C5}
		{5B62A6CC-CEAB-47C8-B6E3-4028CE69D698} = {5B62A6CC-CEAB-47C8-B6E3-4028CE69D698}
	EndProjectSection
EndProject
Project("{8BC9CEB8-8B4A-11D0-8D11-00A0C91BC942}") = "GCarto", "..\..\..\Carto\32_x86_win_vc10\GCarto.vcxproj", "{B6F892A7-59B5-48D6-A97C-8BC432B49E92}"
EndProject
Global
	GlobalSection(SolutionConfigurationPlatforms) = preSolution
		Debug|Win32 = Debug|Win32
		Release|Win32 = Release|Win32
	EndGlobalSection
	GlobalSection(ProjectConfigurationPlatforms) = postSolution
		{5B62A6CC-CEAB-47C8-B6E3-4028CE69D698}.Debug|Win32.ActiveCfg = Debug|Win32
		{5B62A6CC-CEAB-47C8-B6E3-4028CE69D698}.Debug|Win32.Build.0 = Debug|Win32
		{5B62A6CC-CEAB-47C8-B6E3-4028CE69D698}.Release|Win32.ActiveCfg = Release|Win32
		{5B62A6CC-CEAB-47C8-B6E3-4028CE69D698}.Release|Win32.Build.0 = Release|Win32
		{175ED294-86C6-45A1-9E7A-770AE765EB23}.Debug|Win32.ActiveCfg = Debug|Win32
		{175ED294-86C6-45A1-9E7A-770AE765EB23}.Debug|Win32.Build.0 = Debug|Win32
		{175ED294-86C6-45A1-9E7A-770AE765EB23}.Release|Win32.ActiveCfg = Release|Win32
		{175ED294-86C6-45A1-9E7A-770AE765EB23}.Release|Win32.Build.0 = Release|Win32
		{634F6CF5-056B-4A46-9E52-335F7C33E9AF}.Debug|Win32.ActiveCfg = Debug|Win32
		{634F6CF5-056B-4A46-9E52-335F7C33E9AF}.Debug|Win32.Build.0 = Debug|Win32
		{634F6CF5-056B-4A46-9E52-335F7C33E9AF}.Release|Win32.ActiveCfg = Release|Win32
		{634F6CF5-056B-4A46-9E52-335F7C33E9AF}.Release|Win32.Build.0 = Release|Win32
		{075E99AE-8CDC-452A-BDD8-3E789ED20A7A}.Debug|Win32.ActiveCfg = Debug|Win32
		{075E99AE-8CDC-452A-BDD8-3E789ED20A7A}.Debug|Win32.Build.0 = Debug|Win32
		{075E99AE-8CDC-452A-BDD8-3E789ED20A7A}.Release|Win32.ActiveCfg = Release|Win32
		{075E99AE-8CDC-452A-BDD8-3E789ED20A7A}.Release|Win32.Build.0 = Release|Win32
		{07AF14F1-448D-4018-80BF-0298C9A7D022}.Debug|Win32.ActiveCfg = Debug|Win32
		{07AF14F1-448D-4018-80BF-0298C9A7D022}.Debug|Win32.Build.0 = Debug|Win32
		{07AF14F1-448D-4018-80BF-0298C9A7D022}.Release|Win32.ActiveCfg = Release|Win32
		{07AF14F1-448D-4018-80BF-0298C9A7D022}.Release|Win32.Build.0 = Release|Win32
		{C17AA319-6571-48F3-BFD6-111B3B0445C5}.Debug|Win32.ActiveCfg = Debug|Win32
		{C17AA319-6571-48F3-BFD6-111B3B0445C5}.Debug|Win32.Build.0 = Debug|Win32
		{C17AA319-6571-48F3-BFD6-111B3B0445C5}.Release|Win32.ActiveCfg = Release|Win32
		{C17AA319-6571-48F3-BFD6-111B3B0445C5}.Release|Win32.Build.0 = Release|Win32
		{5AADD3E1-0DC7-4263-AA04-D53422A5C2B8}.Debug|Win32.ActiveCfg = Debug|Win32
		{5AADD3E1-0DC7-4263-AA04-D53422A5C2B8}.Debug|Win32.Build.0 = Debug|Win32
		{5AADD3E1-0DC7-4263-AA04-D53422A5C2B8}.Release|Win32.ActiveCfg = Release|Win32
		{5AADD3E1-0DC7-4263-AA04-D53422A5C2B8}.Release|Win32.Build.0 = Release|Win32
		{B6F892A7-59B5-48D6-A97C-8BC432B49E92}.Debug|Win32.ActiveCfg = Debug|Win32
		{B6F892A7-59B5-48D6-A97C-8BC432B49E92}.Debug|Win32.Build.0 = Debug|Win32
		{B6F892A7-59B5-48D6-A97C-8BC432B49E92}.Release|Win32.ActiveCfg = Release|Win32
		{B6F892A7-59B5-48D6-A97C-8BC432B49E92}.Release|Win32.Build.0 = Release|Win32
	EndGlobalSection
	GlobalSection(SolutionProperties) = preSolution
		HideSolutionNode = FALSE
	EndGlobalSection
EndGlobal
