
Microsoft Visual Studio Solution File, Format Version 11.00
# Visual Studio 2010
Project("{8BC9CEB8-8B4A-11D0-8D11-00A0C91BC942}") = "gspoi", "gspoi.vcxproj", "{47DA87BD-34AC-41AC-B78E-9B85203F01FE}"
EndProject
Project("{8BC9CEB8-8B4A-11D0-8D11-00A0C91BC942}") = "gsrds", "..\..\gsrds\32_x86_win_vc10\gsrds.vcxproj", "{320AD0BC-A414-45E1-821E-419EFD49E16C}"
EndProject
Project("{8BC9CEB8-8B4A-11D0-8D11-00A0C91BC942}") = "gsufs", "..\..\gsufs\32_x86_win_vc10\gsufs.vcxproj", "{BC26607E-6440-4F4E-9CD1-E9A7695F293B}"
EndProject
Project("{8BC9CEB8-8B4A-11D0-8D11-00A0C91BC942}") = "GPostgres", "..\..\..\Data\GPostgres\32_x86_win_vc10\GPostgres.vcxproj", "{5B62A6CC-CEAB-47C8-B6E3-4028CE69D698}"
EndProject
Project("{8BC9CEB8-8B4A-11D0-8D11-00A0C91BC942}") = "gsgps", "..\..\gsgps\32_x86_win_vc10\gsgps.vcxproj", "{961093B5-A829-41C7-87A1-6CE75B065B5C}"
EndProject
Project("{8BC9CEB8-8B4A-11D0-8D11-00A0C91BC942}") = "mgr", "..\..\mgr\32_x86_win_vc10\mgr.vcxproj", "{C315E5BD-713B-4812-9B05-8A0F6475DAB0}"
	ProjectSection(ProjectDependencies) = postProject
		{47DA87BD-34AC-41AC-B78E-9B85203F01FE} = {47DA87BD-34AC-41AC-B78E-9B85203F01FE}
	EndProjectSection
EndProject
Global
	GlobalSection(SolutionConfigurationPlatforms) = preSolution
		Debug|Win32 = Debug|Win32
		Release|Win32 = Release|Win32
	EndGlobalSection
	GlobalSection(ProjectConfigurationPlatforms) = postSolution
		{47DA87BD-34AC-41AC-B78E-9B85203F01FE}.Debug|Win32.ActiveCfg = Debug|Win32
		{47DA87BD-34AC-41AC-B78E-9B85203F01FE}.Debug|Win32.Build.0 = Debug|Win32
		{47DA87BD-34AC-41AC-B78E-9B85203F01FE}.Release|Win32.ActiveCfg = Release|Win32
		{47DA87BD-34AC-41AC-B78E-9B85203F01FE}.Release|Win32.Build.0 = Release|Win32
		{320AD0BC-A414-45E1-821E-419EFD49E16C}.Debug|Win32.ActiveCfg = Debug|Win32
		{320AD0BC-A414-45E1-821E-419EFD49E16C}.Debug|Win32.Build.0 = Debug|Win32
		{320AD0BC-A414-45E1-821E-419EFD49E16C}.Release|Win32.ActiveCfg = Release|Win32
		{320AD0BC-A414-45E1-821E-419EFD49E16C}.Release|Win32.Build.0 = Release|Win32
		{BC26607E-6440-4F4E-9CD1-E9A7695F293B}.Debug|Win32.ActiveCfg = Debug|Win32
		{BC26607E-6440-4F4E-9CD1-E9A7695F293B}.Debug|Win32.Build.0 = Debug|Win32
		{BC26607E-6440-4F4E-9CD1-E9A7695F293B}.Release|Win32.ActiveCfg = Release|Win32
		{BC26607E-6440-4F4E-9CD1-E9A7695F293B}.Release|Win32.Build.0 = Release|Win32
		{5B62A6CC-CEAB-47C8-B6E3-4028CE69D698}.Debug|Win32.ActiveCfg = Debug|Win32
		{5B62A6CC-CEAB-47C8-B6E3-4028CE69D698}.Debug|Win32.Build.0 = Debug|Win32
		{5B62A6CC-CEAB-47C8-B6E3-4028CE69D698}.Release|Win32.ActiveCfg = Release|Win32
		{5B62A6CC-CEAB-47C8-B6E3-4028CE69D698}.Release|Win32.Build.0 = Release|Win32
		{961093B5-A829-41C7-87A1-6CE75B065B5C}.Debug|Win32.ActiveCfg = Debug|Win32
		{961093B5-A829-41C7-87A1-6CE75B065B5C}.Debug|Win32.Build.0 = Debug|Win32
		{961093B5-A829-41C7-87A1-6CE75B065B5C}.Release|Win32.ActiveCfg = Release|Win32
		{961093B5-A829-41C7-87A1-6CE75B065B5C}.Release|Win32.Build.0 = Release|Win32
		{C315E5BD-713B-4812-9B05-8A0F6475DAB0}.Debug|Win32.ActiveCfg = Debug|Win32
		{C315E5BD-713B-4812-9B05-8A0F6475DAB0}.Debug|Win32.Build.0 = Debug|Win32
		{C315E5BD-713B-4812-9B05-8A0F6475DAB0}.Release|Win32.ActiveCfg = Release|Win32
		{C315E5BD-713B-4812-9B05-8A0F6475DAB0}.Release|Win32.Build.0 = Release|Win32
	EndGlobalSection
	GlobalSection(SolutionProperties) = preSolution
		HideSolutionNode = FALSE
	EndGlobalSection
EndGlobal
