
Microsoft Visual Studio Solution File, Format Version 11.00
# Visual Studio 2010
Project("{8BC9CEB8-8B4A-11D0-8D11-00A0C91BC942}") = "gsusr", "gsusr.vcxproj", "{E361D34C-1E89-48C1-AC90-D60721C7D06A}"
EndProject
Project("{8BC9CEB8-8B4A-11D0-8D11-00A0C91BC942}") = "GUser", "..\..\..\User\32_x86_win_vc10\GUser.vcxproj", "{B38DA2F1-03B5-482B-B0F1-59C57403B03F}"
EndProject
Global
	GlobalSection(SolutionConfigurationPlatforms) = preSolution
		Debug|Win32 = Debug|Win32
		Release|Win32 = Release|Win32
	EndGlobalSection
	GlobalSection(ProjectConfigurationPlatforms) = postSolution
		{E361D34C-1E89-48C1-AC90-D60721C7D06A}.Debug|Win32.ActiveCfg = Debug|Win32
		{E361D34C-1E89-48C1-AC90-D60721C7D06A}.Debug|Win32.Build.0 = Debug|Win32
		{E361D34C-1E89-48C1-AC90-D60721C7D06A}.Release|Win32.ActiveCfg = Release|Win32
		{E361D34C-1E89-48C1-AC90-D60721C7D06A}.Release|Win32.Build.0 = Release|Win32
		{B38DA2F1-03B5-482B-B0F1-59C57403B03F}.Debug|Win32.ActiveCfg = Debug|Win32
		{B38DA2F1-03B5-482B-B0F1-59C57403B03F}.Debug|Win32.Build.0 = Debug|Win32
		{B38DA2F1-03B5-482B-B0F1-59C57403B03F}.Release|Win32.ActiveCfg = Release|Win32
		{B38DA2F1-03B5-482B-B0F1-59C57403B03F}.Release|Win32.Build.0 = Release|Win32
	EndGlobalSection
	GlobalSection(SolutionProperties) = preSolution
		HideSolutionNode = FALSE
	EndGlobalSection
EndGlobal
