<?xml version="1.0" encoding="utf-8"?>
<Project ToolsVersion="4.0" xmlns="http://schemas.microsoft.com/developer/msbuild/2003">
  <ItemGroup>
    <Filter Include="源文件">
      <UniqueIdentifier>{4FC737F1-C7A5-4376-A066-2A32D752A2FF}</UniqueIdentifier>
      <Extensions>cpp;c;cc;cxx;def;odl;idl;hpj;bat;asm;asmx</Extensions>
    </Filter>
    <Filter Include="头文件">
      <UniqueIdentifier>{93995380-89BD-4b04-88EB-625FBE52EBFB}</UniqueIdentifier>
      <Extensions>h;hh;hpp;hxx;hm;inl;inc;xsd</Extensions>
    </Filter>
    <Filter Include="资源文件">
      <UniqueIdentifier>{67DA6AB6-F800-4c08-8B7A-83BB121AAD01}</UniqueIdentifier>
      <Extensions>rc;ico;cur;bmp;dlg;rc2;rct;bin;rgs;gif;jpg;jpeg;jpe;resx;tiff;tif;png;wav;mfcribbon-ms</Extensions>
    </Filter>
  </ItemGroup>
  <ItemGroup>
    <ClCompile Include="..\src\ArithmeticExpressionImpl.cpp">
      <Filter>源文件</Filter>
    </ClCompile>
    <ClCompile Include="..\src\BBoxFilterImpl.cpp">
      <Filter>源文件</Filter>
    </ClCompile>
    <ClCompile Include="..\src\BinaryComparisonFilterImpl.cpp">
      <Filter>源文件</Filter>
    </ClCompile>
    <ClCompile Include="..\src\BinaryLogicFilterImpl.cpp">
      <Filter>源文件</Filter>
    </ClCompile>
    <ClCompile Include="..\src\BinarySpatialFilterImpl.cpp">
      <Filter>源文件</Filter>
    </ClCompile>
    <ClCompile Include="..\src\DistanceBufferFilterImpl.cpp">
      <Filter>源文件</Filter>
    </ClCompile>
    <ClCompile Include="..\src\EnumExpressionImpl.cpp">
      <Filter>源文件</Filter>
    </ClCompile>
    <ClCompile Include="..\src\EnumFilterImpl.cpp">
      <Filter>源文件</Filter>
    </ClCompile>
    <ClCompile Include="..\src\FilterFactoryImpl.cpp">
      <Filter>源文件</Filter>
    </ClCompile>
    <ClCompile Include="..\src\FilterReaderImpl.cpp">
      <Filter>源文件</Filter>
    </ClCompile>
    <ClCompile Include="..\src\FunctionImpl.cpp">
      <Filter>源文件</Filter>
    </ClCompile>
    <ClCompile Include="..\src\IDFilterImpl.cpp">
      <Filter>源文件</Filter>
    </ClCompile>
    <ClCompile Include="..\src\IsBetweenFilterImpl.cpp">
      <Filter>源文件</Filter>
    </ClCompile>
    <ClCompile Include="..\src\IsLikeFilterImpl.cpp">
      <Filter>源文件</Filter>
    </ClCompile>
    <ClCompile Include="..\src\IsNullFilterImpl.cpp">
      <Filter>源文件</Filter>
    </ClCompile>
    <ClCompile Include="..\src\LiteralImpl.cpp">
      <Filter>源文件</Filter>
    </ClCompile>
    <ClCompile Include="..\src\OrderByImpl.cpp">
      <Filter>源文件</Filter>
    </ClCompile>
    <ClCompile Include="..\src\PropertyNameImpl.cpp">
      <Filter>源文件</Filter>
    </ClCompile>
    <ClCompile Include="..\src\QueryImpl.cpp">
      <Filter>源文件</Filter>
    </ClCompile>
    <ClCompile Include="..\src\UnaryLogicFilterImpl.cpp">
      <Filter>源文件</Filter>
    </ClCompile>
  </ItemGroup>
  <ItemGroup>
    <ClInclude Include="..\include\ArithmeticExpressionImpl.h">
      <Filter>头文件</Filter>
    </ClInclude>
    <ClInclude Include="..\include\BBoxFilterImpl.h">
      <Filter>头文件</Filter>
    </ClInclude>
    <ClInclude Include="..\include\BinaryComparisonFilterImpl.h">
      <Filter>头文件</Filter>
    </ClInclude>
    <ClInclude Include="..\include\BinaryLogicFilterImpl.h">
      <Filter>头文件</Filter>
    </ClInclude>
    <ClInclude Include="..\include\BinarySpatialFilterImpl.h">
      <Filter>头文件</Filter>
    </ClInclude>
    <ClInclude Include="..\include\DistanceBufferFilterImpl.h">
      <Filter>头文件</Filter>
    </ClInclude>
    <ClInclude Include="..\include\EnumExpressionImpl.h">
      <Filter>头文件</Filter>
    </ClInclude>
    <ClInclude Include="..\include\EnumFilterImpl.h">
      <Filter>头文件</Filter>
    </ClInclude>
    <ClInclude Include="..\include\FilterFactoryImpl.h">
      <Filter>头文件</Filter>
    </ClInclude>
    <ClInclude Include="..\include\FilterReaderImpl.h">
      <Filter>头文件</Filter>
    </ClInclude>
    <ClInclude Include="..\include\FunctionImpl.h">
      <Filter>头文件</Filter>
    </ClInclude>
    <ClInclude Include="..\include\IDFilterImpl.h">
      <Filter>头文件</Filter>
    </ClInclude>
    <ClInclude Include="..\include\IsBetweenFilterImpl.h">
      <Filter>头文件</Filter>
    </ClInclude>
    <ClInclude Include="..\include\IsLikeFilterImpl.h">
      <Filter>头文件</Filter>
    </ClInclude>
    <ClInclude Include="..\include\IsNullFilterImpl.h">
      <Filter>头文件</Filter>
    </ClInclude>
    <ClInclude Include="..\include\LiteralImpl.h">
      <Filter>头文件</Filter>
    </ClInclude>
    <ClInclude Include="..\include\OrderByImpl.h">
      <Filter>头文件</Filter>
    </ClInclude>
    <ClInclude Include="..\include\PropertyNameImpl.h">
      <Filter>头文件</Filter>
    </ClInclude>
    <ClInclude Include="..\include\QueryImpl.h">
      <Filter>头文件</Filter>
    </ClInclude>
    <ClInclude Include="..\include\UnaryLogicFilterImpl.h">
      <Filter>头文件</Filter>
    </ClInclude>
  </ItemGroup>
</Project>