
Microsoft Visual Studio Solution File, Format Version 11.00
# Visual Studio 2010
Project("{8BC9CEB8-8B4A-11D0-8D11-00A0C91BC942}") = "auth", "auth.vcxproj", "{07E3BF81-BF92-49F5-A943-A410D508DF0D}"
EndProject
Project("{8BC9CEB8-8B4A-11D0-8D11-00A0C91BC942}") = "GAuth", "..\..\..\Auth\32_x86_win_vc10\GAuth.vcxproj", "{BC7BD1C7-5C79-489B-AC0E-9271CF2E23ED}"
EndProject
Project("{8BC9CEB8-8B4A-11D0-8D11-00A0C91BC942}") = "gsauth", "..\..\gsauth\32_x86_win_vc10\gsauth.vcxproj", "{E361D34C-1E89-48C1-AC90-D60721C7D06A}"
EndProject
Global
	GlobalSection(SolutionConfigurationPlatforms) = preSolution
		Debug|Win32 = Debug|Win32
		Release|Win32 = Release|Win32
	EndGlobalSection
	GlobalSection(ProjectConfigurationPlatforms) = postSolution
		{07E3BF81-BF92-49F5-A943-A410D508DF0D}.Debug|Win32.ActiveCfg = Debug|Win32
		{07E3BF81-BF92-49F5-A943-A410D508DF0D}.Debug|Win32.Build.0 = Debug|Win32
		{07E3BF81-BF92-49F5-A943-A410D508DF0D}.Release|Win32.ActiveCfg = Release|Win32
		{07E3BF81-BF92-49F5-A943-A410D508DF0D}.Release|Win32.Build.0 = Release|Win32
		{BC7BD1C7-5C79-489B-AC0E-9271CF2E23ED}.Debug|Win32.ActiveCfg = Debug|Win32
		{BC7BD1C7-5C79-489B-AC0E-9271CF2E23ED}.Debug|Win32.Build.0 = Debug|Win32
		{BC7BD1C7-5C79-489B-AC0E-9271CF2E23ED}.Release|Win32.ActiveCfg = Release|Win32
		{BC7BD1C7-5C79-489B-AC0E-9271CF2E23ED}.Release|Win32.Build.0 = Release|Win32
		{E361D34C-1E89-48C1-AC90-D60721C7D06A}.Debug|Win32.ActiveCfg = Debug|Win32
		{E361D34C-1E89-48C1-AC90-D60721C7D06A}.Debug|Win32.Build.0 = Debug|Win32
		{E361D34C-1E89-48C1-AC90-D60721C7D06A}.Release|Win32.ActiveCfg = Release|Win32
		{E361D34C-1E89-48C1-AC90-D60721C7D06A}.Release|Win32.Build.0 = Release|Win32
	EndGlobalSection
	GlobalSection(SolutionProperties) = preSolution
		HideSolutionNode = FALSE
	EndGlobalSection
EndGlobal
